// !$*UTF8*$!
{
	archiveVersion = 1;
	classes = {
	};
	objectVersion = 56;
	objects = {

/* Begin PBXBuildFile section */
		2812409F2BC7847700777F91 /* LobbyPostCell.swift in Sources */ = {isa = PBXBuildFile; fileRef = 2812409E2BC7847700777F91 /* LobbyPostCell.swift */; };
		281240A12BC79FE000777F91 /* LobbyLayout.swift in Sources */ = {isa = PBXBuildFile; fileRef = 281240A02BC79FE000777F91 /* LobbyLayout.swift */; };
		281240A32BC7BDDD00777F91 /* PickPhotoViewController.swift in Sources */ = {isa = PBXBuildFile; fileRef = 281240A22BC7BDDD00777F91 /* PickPhotoViewController.swift */; };
		281240A52BC7C23D00777F91 /* PhotoCollectionViewCell.swift in Sources */ = {isa = PBXBuildFile; fileRef = 281240A42BC7C23D00777F91 /* PhotoCollectionViewCell.swift */; };
		281240A72BC7EAC700777F91 /* WritePostContentViewController.swift in Sources */ = {isa = PBXBuildFile; fileRef = 281240A62BC7EAC700777F91 /* WritePostContentViewController.swift */; };
		281240AC2BC8062600777F91 /* FirebaseAnalytics in Frameworks */ = {isa = PBXBuildFile; productRef = 281240AB2BC8062600777F91 /* FirebaseAnalytics */; };
		281240AE2BC8062600777F91 /* FirebaseAnalyticsOnDeviceConversion in Frameworks */ = {isa = PBXBuildFile; productRef = 281240AD2BC8062600777F91 /* FirebaseAnalyticsOnDeviceConversion */; };
		281240B02BC8062600777F91 /* FirebaseAnalyticsSwift in Frameworks */ = {isa = PBXBuildFile; productRef = 281240AF2BC8062600777F91 /* FirebaseAnalyticsSwift */; };
		281240B22BC8062600777F91 /* FirebaseAnalyticsWithoutAdIdSupport in Frameworks */ = {isa = PBXBuildFile; productRef = 281240B12BC8062600777F91 /* FirebaseAnalyticsWithoutAdIdSupport */; };
		281240B42BC8062600777F91 /* FirebaseAppCheck in Frameworks */ = {isa = PBXBuildFile; productRef = 281240B32BC8062600777F91 /* FirebaseAppCheck */; };
		281240B62BC8062600777F91 /* FirebaseAppDistribution-Beta in Frameworks */ = {isa = PBXBuildFile; productRef = 281240B52BC8062600777F91 /* FirebaseAppDistribution-Beta */; };
		281240B82BC8062600777F91 /* FirebaseAuth in Frameworks */ = {isa = PBXBuildFile; productRef = 281240B72BC8062600777F91 /* FirebaseAuth */; };
		281240BA2BC8062600777F91 /* FirebaseAuthCombine-Community in Frameworks */ = {isa = PBXBuildFile; productRef = 281240B92BC8062600777F91 /* FirebaseAuthCombine-Community */; };
		281240BC2BC8062600777F91 /* FirebaseCrashlytics in Frameworks */ = {isa = PBXBuildFile; productRef = 281240BB2BC8062600777F91 /* FirebaseCrashlytics */; };
		281240BE2BC8062600777F91 /* FirebaseDatabase in Frameworks */ = {isa = PBXBuildFile; productRef = 281240BD2BC8062600777F91 /* FirebaseDatabase */; };
		281240C02BC8062600777F91 /* FirebaseDatabaseSwift in Frameworks */ = {isa = PBXBuildFile; productRef = 281240BF2BC8062600777F91 /* FirebaseDatabaseSwift */; };
		281240C22BC8062600777F91 /* FirebaseDynamicLinks in Frameworks */ = {isa = PBXBuildFile; productRef = 281240C12BC8062600777F91 /* FirebaseDynamicLinks */; };
		281240C42BC8062600777F91 /* FirebaseFirestore in Frameworks */ = {isa = PBXBuildFile; productRef = 281240C32BC8062600777F91 /* FirebaseFirestore */; };
		281240C62BC8062600777F91 /* FirebaseFirestoreCombine-Community in Frameworks */ = {isa = PBXBuildFile; productRef = 281240C52BC8062600777F91 /* FirebaseFirestoreCombine-Community */; };
		281240C82BC8062600777F91 /* FirebaseFirestoreSwift in Frameworks */ = {isa = PBXBuildFile; productRef = 281240C72BC8062600777F91 /* FirebaseFirestoreSwift */; };
		281240CA2BC8062600777F91 /* FirebaseFunctions in Frameworks */ = {isa = PBXBuildFile; productRef = 281240C92BC8062600777F91 /* FirebaseFunctions */; };
		281240CC2BC8062600777F91 /* FirebaseFunctionsCombine-Community in Frameworks */ = {isa = PBXBuildFile; productRef = 281240CB2BC8062600777F91 /* FirebaseFunctionsCombine-Community */; };
		281240CE2BC8062600777F91 /* FirebaseInAppMessaging-Beta in Frameworks */ = {isa = PBXBuildFile; productRef = 281240CD2BC8062600777F91 /* FirebaseInAppMessaging-Beta */; };
		281240D02BC8062600777F91 /* FirebaseInAppMessagingSwift-Beta in Frameworks */ = {isa = PBXBuildFile; productRef = 281240CF2BC8062600777F91 /* FirebaseInAppMessagingSwift-Beta */; };
		281240D22BC8062600777F91 /* FirebaseInstallations in Frameworks */ = {isa = PBXBuildFile; productRef = 281240D12BC8062600777F91 /* FirebaseInstallations */; };
		281240D42BC8062600777F91 /* FirebaseMLModelDownloader in Frameworks */ = {isa = PBXBuildFile; productRef = 281240D32BC8062600777F91 /* FirebaseMLModelDownloader */; };
		281240D62BC8062600777F91 /* FirebaseMessaging in Frameworks */ = {isa = PBXBuildFile; productRef = 281240D52BC8062600777F91 /* FirebaseMessaging */; };
		281240D82BC8062600777F91 /* FirebasePerformance in Frameworks */ = {isa = PBXBuildFile; productRef = 281240D72BC8062600777F91 /* FirebasePerformance */; };
		281240DA2BC8062600777F91 /* FirebaseRemoteConfig in Frameworks */ = {isa = PBXBuildFile; productRef = 281240D92BC8062600777F91 /* FirebaseRemoteConfig */; };
		281240DC2BC8062600777F91 /* FirebaseRemoteConfigSwift in Frameworks */ = {isa = PBXBuildFile; productRef = 281240DB2BC8062600777F91 /* FirebaseRemoteConfigSwift */; };
		281240DE2BC8062600777F91 /* FirebaseStorage in Frameworks */ = {isa = PBXBuildFile; productRef = 281240DD2BC8062600777F91 /* FirebaseStorage */; };
		281240E02BC8062600777F91 /* FirebaseStorageCombine-Community in Frameworks */ = {isa = PBXBuildFile; productRef = 281240DF2BC8062600777F91 /* FirebaseStorageCombine-Community */; };
		281240E32BC807C400777F91 /* WritePostContentViewModel.swift in Sources */ = {isa = PBXBuildFile; fileRef = 281240E22BC807C400777F91 /* WritePostContentViewModel.swift */; };
		281240E52BC91B4700777F91 /* LobbyViewModel.swift in Sources */ = {isa = PBXBuildFile; fileRef = 281240E42BC91B4700777F91 /* LobbyViewModel.swift */; };
		281240E72BC9231800777F91 /* ChooseColorViewController.swift in Sources */ = {isa = PBXBuildFile; fileRef = 281240E62BC9231800777F91 /* ChooseColorViewController.swift */; };
		2815FE122BEDF10800A2757B /* EULAPopUp.swift in Sources */ = {isa = PBXBuildFile; fileRef = 2815FE112BEDF10800A2757B /* EULAPopUp.swift */; };
		2815FE142BEE0DA700A2757B /* EULACell.swift in Sources */ = {isa = PBXBuildFile; fileRef = 2815FE132BEE0DA700A2757B /* EULACell.swift */; };
		2818B7402BDA3BE700434EBF /* AllColorViewController.swift in Sources */ = {isa = PBXBuildFile; fileRef = 2818B73F2BDA3BE700434EBF /* AllColorViewController.swift */; };
		2818B7422BDA3C2900434EBF /* TodayColorViewController.swift in Sources */ = {isa = PBXBuildFile; fileRef = 2818B7412BDA3C2900434EBF /* TodayColorViewController.swift */; };
		2818B7442BDA3C5200434EBF /* MixColorViewController.swift in Sources */ = {isa = PBXBuildFile; fileRef = 2818B7432BDA3C5200434EBF /* MixColorViewController.swift */; };
		2818B7462BDA3C8400434EBF /* FirstColorViewController.swift in Sources */ = {isa = PBXBuildFile; fileRef = 2818B7452BDA3C8400434EBF /* FirstColorViewController.swift */; };
		2818B7482BDA3CA500434EBF /* SecondColorViewController.swift in Sources */ = {isa = PBXBuildFile; fileRef = 2818B7472BDA3CA500434EBF /* SecondColorViewController.swift */; };
		2818B74A2BDA3CC600434EBF /* ThirdColorViewController.swift in Sources */ = {isa = PBXBuildFile; fileRef = 2818B7492BDA3CC600434EBF /* ThirdColorViewController.swift */; };
		281C65772BCF7848003D2ECE /* Kingfisher in Frameworks */ = {isa = PBXBuildFile; productRef = 281C65762BCF7848003D2ECE /* Kingfisher */; };
		281C65792BCFC918003D2ECE /* PostDetailViewController.swift in Sources */ = {isa = PBXBuildFile; fileRef = 281C65782BCFC918003D2ECE /* PostDetailViewController.swift */; };
		281C657B2BCFCA91003D2ECE /* PostDetailViewModel.swift in Sources */ = {isa = PBXBuildFile; fileRef = 281C657A2BCFCA91003D2ECE /* PostDetailViewModel.swift */; };
		281C65802BCFEB66003D2ECE /* DetailTableViewHeaderView.swift in Sources */ = {isa = PBXBuildFile; fileRef = 281C657F2BCFEB66003D2ECE /* DetailTableViewHeaderView.swift */; };
		281C65822BCFED73003D2ECE /* AuthorInfoAndTitleCell.swift in Sources */ = {isa = PBXBuildFile; fileRef = 281C65812BCFED73003D2ECE /* AuthorInfoAndTitleCell.swift */; };
		281C65842BCFFB15003D2ECE /* DescriptionCell.swift in Sources */ = {isa = PBXBuildFile; fileRef = 281C65832BCFFB15003D2ECE /* DescriptionCell.swift */; };
		281C65862BCFFE29003D2ECE /* TagCell.swift in Sources */ = {isa = PBXBuildFile; fileRef = 281C65852BCFFE29003D2ECE /* TagCell.swift */; };
		281C65882BD000F7003D2ECE /* SeperatorCell.swift in Sources */ = {isa = PBXBuildFile; fileRef = 281C65872BD000F7003D2ECE /* SeperatorCell.swift */; };
		281C658A2BD00233003D2ECE /* CommentCell.swift in Sources */ = {isa = PBXBuildFile; fileRef = 281C65892BD00233003D2ECE /* CommentCell.swift */; };
		281C65AE2BD0C33F003D2ECE /* ProfileViewController.swift in Sources */ = {isa = PBXBuildFile; fileRef = 281C65AD2BD0C33F003D2ECE /* ProfileViewController.swift */; };
		281C65B12BD0C4E5003D2ECE /* InformationCell.swift in Sources */ = {isa = PBXBuildFile; fileRef = 281C65B02BD0C4E5003D2ECE /* InformationCell.swift */; };
		281C65B32BD0DC08003D2ECE /* TextViewCell.swift in Sources */ = {isa = PBXBuildFile; fileRef = 281C65B22BD0DC08003D2ECE /* TextViewCell.swift */; };
		281C65B52BD0E373003D2ECE /* FollowOrEditInfoCell.swift in Sources */ = {isa = PBXBuildFile; fileRef = 281C65B42BD0E373003D2ECE /* FollowOrEditInfoCell.swift */; };
		281C65B72BD0E50B003D2ECE /* ColorFootprintCell.swift in Sources */ = {isa = PBXBuildFile; fileRef = 281C65B62BD0E50B003D2ECE /* ColorFootprintCell.swift */; };
		281C65B92BD0E663003D2ECE /* BestColorCell.swift in Sources */ = {isa = PBXBuildFile; fileRef = 281C65B82BD0E663003D2ECE /* BestColorCell.swift */; };
		281C65BB2BD0E7EB003D2ECE /* AchievementCell.swift in Sources */ = {isa = PBXBuildFile; fileRef = 281C65BA2BD0E7EB003D2ECE /* AchievementCell.swift */; };
		281C65BE2BD0EDDA003D2ECE /* MissionCell.swift in Sources */ = {isa = PBXBuildFile; fileRef = 281C65BD2BD0EDD9003D2ECE /* MissionCell.swift */; };
		2823431B2BCCF2210040C1CA /* CloudVisionResponseModel.swift in Sources */ = {isa = PBXBuildFile; fileRef = 2823431A2BCCF2210040C1CA /* CloudVisionResponseModel.swift */; };
		282343912BCD22020040C1CA /* ColorSimilarityViewModel.swift in Sources */ = {isa = PBXBuildFile; fileRef = 282343902BCD22020040C1CA /* ColorSimilarityViewModel.swift */; };
		282343932BCEB5D20040C1CA /* Post.swift in Sources */ = {isa = PBXBuildFile; fileRef = 282343922BCEB5D20040C1CA /* Post.swift */; };
		282F57E92BCA848800E3DBE6 /* UserDataReadyToSend.swift in Sources */ = {isa = PBXBuildFile; fileRef = 282F57E82BCA848800E3DBE6 /* UserDataReadyToSend.swift */; };
		282F57EB2BCBDB0500E3DBE6 /* ColorSimilarityViewController.swift in Sources */ = {isa = PBXBuildFile; fileRef = 282F57EA2BCBDB0500E3DBE6 /* ColorSimilarityViewController.swift */; };
		282F57ED2BCC0F0E00E3DBE6 /* CloudVisionManager.swift in Sources */ = {isa = PBXBuildFile; fileRef = 282F57EC2BCC0F0E00E3DBE6 /* CloudVisionManager.swift */; };
		283EF6582BD757420007C8D8 /* Comment.swift in Sources */ = {isa = PBXBuildFile; fileRef = 283EF6572BD757420007C8D8 /* Comment.swift */; };
		2840D8A12BDB720700A6B3DC /* AllandMixColorsVCPopAnimator.swift in Sources */ = {isa = PBXBuildFile; fileRef = 2840D8A02BDB720700A6B3DC /* AllandMixColorsVCPopAnimator.swift */; };
		2840D8A32BDBCAE800A6B3DC /* AllandMixColorVCDismissAnimator.swift in Sources */ = {isa = PBXBuildFile; fileRef = 2840D8A22BDBCAE800A6B3DC /* AllandMixColorVCDismissAnimator.swift */; };
		2844CDC92BD65AB10086F67A /* ThemeColorProperty.swift in Sources */ = {isa = PBXBuildFile; fileRef = 2844CDC82BD65AB10086F67A /* ThemeColorProperty.swift */; };
		284F32C02BC950AE00A61E88 /* ChooseColorViewModel.swift in Sources */ = {isa = PBXBuildFile; fileRef = 284F32BF2BC950AE00A61E88 /* ChooseColorViewModel.swift */; };
		284F32C32BC9839400A61E88 /* UIColor+Extension.swift in Sources */ = {isa = PBXBuildFile; fileRef = 284F32C22BC9839400A61E88 /* UIColor+Extension.swift */; };
		284F32C62BC98E0B00A61E88 /* ColorModel.swift in Sources */ = {isa = PBXBuildFile; fileRef = 284F32C52BC98E0B00A61E88 /* ColorModel.swift */; };
		284F32C82BC98F8B00A61E88 /* UserManager.swift in Sources */ = {isa = PBXBuildFile; fileRef = 284F32C72BC98F8B00A61E88 /* UserManager.swift */; };
		284F32CA2BCA48BD00A61E88 /* PaletteViewController.swift in Sources */ = {isa = PBXBuildFile; fileRef = 284F32C92BCA48BD00A61E88 /* PaletteViewController.swift */; };
		284F32CC2BCA641900A61E88 /* MPCSession.swift in Sources */ = {isa = PBXBuildFile; fileRef = 284F32CB2BCA641900A61E88 /* MPCSession.swift */; };
		28564D782BE7CAD1003B3FBA /* MainPageOverLayPopUp.swift in Sources */ = {isa = PBXBuildFile; fileRef = 28564D772BE7CAD1003B3FBA /* MainPageOverLayPopUp.swift */; };
		28564D7A2BE87CB8003B3FBA /* OverLayPopUpViewModel.swift in Sources */ = {isa = PBXBuildFile; fileRef = 28564D792BE87CB8003B3FBA /* OverLayPopUpViewModel.swift */; };
		28564D7C2BE8DB3E003B3FBA /* SignOutCell.swift in Sources */ = {isa = PBXBuildFile; fileRef = 28564D7B2BE8DB3E003B3FBA /* SignOutCell.swift */; };
		28564D7E2BE8DD7C003B3FBA /* DeleteAccountCell.swift in Sources */ = {isa = PBXBuildFile; fileRef = 28564D7D2BE8DD7C003B3FBA /* DeleteAccountCell.swift */; };
		28564D802BE913C6003B3FBA /* AuthenticationViewModel.swift in Sources */ = {isa = PBXBuildFile; fileRef = 28564D7F2BE913C6003B3FBA /* AuthenticationViewModel.swift */; };
		287A62CC2BE3D1F900E09788 /* TodayColorVCPopAnimator.swift in Sources */ = {isa = PBXBuildFile; fileRef = 287A62CB2BE3D1F900E09788 /* TodayColorVCPopAnimator.swift */; };
		287A62CE2BE3D3A100E09788 /* TodayColorVCDismissAnimator.swift in Sources */ = {isa = PBXBuildFile; fileRef = 287A62CD2BE3D3A100E09788 /* TodayColorVCDismissAnimator.swift */; };
		287A62D42BE3E21800E09788 /* TodayColorVCProtocol.swift in Sources */ = {isa = PBXBuildFile; fileRef = 287A62D32BE3E21800E09788 /* TodayColorVCProtocol.swift */; };
		287A62DA2BE4915900E09788 /* ProfileVCPopAnimator.swift in Sources */ = {isa = PBXBuildFile; fileRef = 287A62D92BE4915900E09788 /* ProfileVCPopAnimator.swift */; };
		287A62DC2BE4917E00E09788 /* ProfileVCDismissAnimator.swift in Sources */ = {isa = PBXBuildFile; fileRef = 287A62DB2BE4917E00E09788 /* ProfileVCDismissAnimator.swift */; };
		287A62DE2BE4C5EF00E09788 /* AllAndMixVCProtocol.swift in Sources */ = {isa = PBXBuildFile; fileRef = 287A62DD2BE4C5EF00E09788 /* AllAndMixVCProtocol.swift */; };
		287A62E02BE4E56B00E09788 /* ChatCell.swift in Sources */ = {isa = PBXBuildFile; fileRef = 287A62DF2BE4E56B00E09788 /* ChatCell.swift */; };
		287A62E22BE52DEA00E09788 /* SettingViewController.swift in Sources */ = {isa = PBXBuildFile; fileRef = 287A62E12BE52DEA00E09788 /* SettingViewController.swift */; };
		287A62E52BE52F7700E09788 /* AvatarEditCell.swift in Sources */ = {isa = PBXBuildFile; fileRef = 287A62E42BE52F7700E09788 /* AvatarEditCell.swift */; };
		287A62E72BE5314700E09788 /* NormalSettingCell.swift in Sources */ = {isa = PBXBuildFile; fileRef = 287A62E62BE5314700E09788 /* NormalSettingCell.swift */; };
		287A62E92BE5E0C700E09788 /* SettingViewModel.swift in Sources */ = {isa = PBXBuildFile; fileRef = 287A62E82BE5E0C700E09788 /* SettingViewModel.swift */; };
		287A62ED2BE6255300E09788 /* InformationCellViewModel.swift in Sources */ = {isa = PBXBuildFile; fileRef = 287A62EC2BE6255300E09788 /* InformationCellViewModel.swift */; };
		287A62EF2BE63B5B00E09788 /* ChatCellViewModel.swift in Sources */ = {isa = PBXBuildFile; fileRef = 287A62EE2BE63B5B00E09788 /* ChatCellViewModel.swift */; };
		287A62F12BE67D8200E09788 /* OverLayPopUp.swift in Sources */ = {isa = PBXBuildFile; fileRef = 287A62F02BE67D8200E09788 /* OverLayPopUp.swift */; };
		287A62F42BE690E200E09788 /* OverLayPopUpCell.swift in Sources */ = {isa = PBXBuildFile; fileRef = 287A62F32BE690E200E09788 /* OverLayPopUpCell.swift */; };
		287A62F62BE751BB00E09788 /* FollowViewController.swift in Sources */ = {isa = PBXBuildFile; fileRef = 287A62F52BE751BB00E09788 /* FollowViewController.swift */; };
		287A62F82BE7530C00E09788 /* FollowTableViewCell.swift in Sources */ = {isa = PBXBuildFile; fileRef = 287A62F72BE7530C00E09788 /* FollowTableViewCell.swift */; };
		287A62FA2BE7551F00E09788 /* FollowViewModel.swift in Sources */ = {isa = PBXBuildFile; fileRef = 287A62F92BE7551F00E09788 /* FollowViewModel.swift */; };
		287A62FD2BE7567300E09788 /* FollowersViewController.swift in Sources */ = {isa = PBXBuildFile; fileRef = 287A62FC2BE7567300E09788 /* FollowersViewController.swift */; };
		287A62FF2BE756A200E09788 /* FollowingsViewController.swift in Sources */ = {isa = PBXBuildFile; fileRef = 287A62FE2BE756A200E09788 /* FollowingsViewController.swift */; };
		287A63012BE75A3800E09788 /* FollowChildVCProtocol.swift in Sources */ = {isa = PBXBuildFile; fileRef = 287A63002BE75A3800E09788 /* FollowChildVCProtocol.swift */; };
		288064432BD1045A00FC2EFA /* SelectorHeaderView.swift in Sources */ = {isa = PBXBuildFile; fileRef = 288064422BD1045A00FC2EFA /* SelectorHeaderView.swift */; };
		288064452BD1092300FC2EFA /* PostsAndSavesCell.swift in Sources */ = {isa = PBXBuildFile; fileRef = 288064442BD1092300FC2EFA /* PostsAndSavesCell.swift */; };
		288064472BD143A300FC2EFA /* FirestoreManager.swift in Sources */ = {isa = PBXBuildFile; fileRef = 288064462BD143A300FC2EFA /* FirestoreManager.swift */; };
		2880644B2BD14A7000FC2EFA /* User.swift in Sources */ = {isa = PBXBuildFile; fileRef = 2880644A2BD14A7000FC2EFA /* User.swift */; };
		2880644D2BD153B500FC2EFA /* ChatRoomViewController.swift in Sources */ = {isa = PBXBuildFile; fileRef = 2880644C2BD153B500FC2EFA /* ChatRoomViewController.swift */; };
		288064502BD156D100FC2EFA /* OtherChatBubbleTableViewCell.swift in Sources */ = {isa = PBXBuildFile; fileRef = 2880644F2BD156D100FC2EFA /* OtherChatBubbleTableViewCell.swift */; };
		2882607C2BE0D77600BE9B52 /* GoogleSignIn in Frameworks */ = {isa = PBXBuildFile; productRef = 2882607B2BE0D77600BE9B52 /* GoogleSignIn */; };
		2882607E2BE0D77600BE9B52 /* GoogleSignInSwift in Frameworks */ = {isa = PBXBuildFile; productRef = 2882607D2BE0D77600BE9B52 /* GoogleSignInSwift */; };
		288260802BE0D85F00BE9B52 /* GoogleService-Info.plist in Resources */ = {isa = PBXBuildFile; fileRef = 2882607F2BE0D85F00BE9B52 /* GoogleService-Info.plist */; };
		288753D52BEC5DD400EB601F /* ContactDeveloperCell.swift in Sources */ = {isa = PBXBuildFile; fileRef = 288753D42BEC5DD400EB601F /* ContactDeveloperCell.swift */; };
		28966AC22BE099AD0088A526 /* UILabel+Extension.swift in Sources */ = {isa = PBXBuildFile; fileRef = 28966AC12BE099AD0088A526 /* UILabel+Extension.swift */; };
		289D72A02BDD4CC500051D07 /* GenSenRounded-B.ttc in Resources */ = {isa = PBXBuildFile; fileRef = 289D729A2BDD4C4100051D07 /* GenSenRounded-B.ttc */; };
		289D72A12BDD4CC800051D07 /* GenSenRounded-EL.ttc in Resources */ = {isa = PBXBuildFile; fileRef = 289D729B2BDD4C4200051D07 /* GenSenRounded-EL.ttc */; };
		289D72A22BDD4CCA00051D07 /* GenSenRounded-H.ttc in Resources */ = {isa = PBXBuildFile; fileRef = 289D729D2BDD4C4300051D07 /* GenSenRounded-H.ttc */; };
		289D72A32BDD4CCD00051D07 /* GenSenRounded-L.ttc in Resources */ = {isa = PBXBuildFile; fileRef = 289D729C2BDD4C4200051D07 /* GenSenRounded-L.ttc */; };
		289D72A42BDD4CCF00051D07 /* GenSenRounded-M.ttc in Resources */ = {isa = PBXBuildFile; fileRef = 289D729E2BDD4C4300051D07 /* GenSenRounded-M.ttc */; };
		289D72A52BDD4CD100051D07 /* GenSenRounded-R.ttc in Resources */ = {isa = PBXBuildFile; fileRef = 289D729F2BDD4C4400051D07 /* GenSenRounded-R.ttc */; };
		289D72A72BDD4FCB00051D07 /* FontProperty.swift in Sources */ = {isa = PBXBuildFile; fileRef = 289D72A62BDD4FCB00051D07 /* FontProperty.swift */; };
		289D72A92BDE0D2500051D07 /* UITextView+Extension.swift in Sources */ = {isa = PBXBuildFile; fileRef = 289D72A82BDE0D2500051D07 /* UITextView+Extension.swift */; };
		28A91F7C2BEA185F0078F4C9 /* PaletteViewModel.swift in Sources */ = {isa = PBXBuildFile; fileRef = 28A91F7B2BEA185F0078F4C9 /* PaletteViewModel.swift */; };
		28B0CD632BE9C0CA00485A95 /* SignInViewModel.swift in Sources */ = {isa = PBXBuildFile; fileRef = 28B0CD622BE9C0CA00485A95 /* SignInViewModel.swift */; };
		28B0CD652BE9EF6400485A95 /* LaunchViewController.swift in Sources */ = {isa = PBXBuildFile; fileRef = 28B0CD642BE9EF6400485A95 /* LaunchViewController.swift */; };
		28C69B812BD1724800725BE7 /* MyChatBubbleTableViewCell.swift in Sources */ = {isa = PBXBuildFile; fileRef = 28C69B802BD1724800725BE7 /* MyChatBubbleTableViewCell.swift */; };
		28C69B852BD2642600725BE7 /* IQKeyboardManagerSwift in Frameworks */ = {isa = PBXBuildFile; productRef = 28C69B842BD2642600725BE7 /* IQKeyboardManagerSwift */; };
		28C69B872BD26AD900725BE7 /* ChatRoomViewModel.swift in Sources */ = {isa = PBXBuildFile; fileRef = 28C69B862BD26AD900725BE7 /* ChatRoomViewModel.swift */; };
		28C69B892BD270BA00725BE7 /* Content.swift in Sources */ = {isa = PBXBuildFile; fileRef = 28C69B882BD270BA00725BE7 /* Content.swift */; };
		28C69B8B2BD2A4C000725BE7 /* ProfileViewModel.swift in Sources */ = {isa = PBXBuildFile; fileRef = 28C69B8A2BD2A4C000725BE7 /* ProfileViewModel.swift */; };
		28D24DCB2BC6C24200B7E114 /* AppDelegate.swift in Sources */ = {isa = PBXBuildFile; fileRef = 28D24DCA2BC6C24200B7E114 /* AppDelegate.swift */; };
		28D24DCD2BC6C24200B7E114 /* SceneDelegate.swift in Sources */ = {isa = PBXBuildFile; fileRef = 28D24DCC2BC6C24200B7E114 /* SceneDelegate.swift */; };
		28D24DCF2BC6C24200B7E114 /* LobbyViewController.swift in Sources */ = {isa = PBXBuildFile; fileRef = 28D24DCE2BC6C24200B7E114 /* LobbyViewController.swift */; };
		28D24DD22BC6C24200B7E114 /* Main.storyboard in Resources */ = {isa = PBXBuildFile; fileRef = 28D24DD02BC6C24200B7E114 /* Main.storyboard */; };
		28D24DD42BC6C24400B7E114 /* Assets.xcassets in Resources */ = {isa = PBXBuildFile; fileRef = 28D24DD32BC6C24400B7E114 /* Assets.xcassets */; };
		28D24DD72BC6C24400B7E114 /* LaunchScreen.storyboard in Resources */ = {isa = PBXBuildFile; fileRef = 28D24DD52BC6C24400B7E114 /* LaunchScreen.storyboard */; };
		28D253082BD3740700864187 /* ChatRoomsViewController.swift in Sources */ = {isa = PBXBuildFile; fileRef = 28D253072BD3740700864187 /* ChatRoomsViewController.swift */; };
		28D2530A2BD374BE00864187 /* ChatRoomTableViewCell.swift in Sources */ = {isa = PBXBuildFile; fileRef = 28D253092BD374BE00864187 /* ChatRoomTableViewCell.swift */; };
		28D2530C2BD40EA200864187 /* SimpleChatRoom.swift in Sources */ = {isa = PBXBuildFile; fileRef = 28D2530B2BD40EA200864187 /* SimpleChatRoom.swift */; };
		28D2530E2BD40F2300864187 /* DetailedChatRoom.swift in Sources */ = {isa = PBXBuildFile; fileRef = 28D2530D2BD40F2300864187 /* DetailedChatRoom.swift */; };
		28D253102BD4BA3C00864187 /* FakeUserData.swift in Sources */ = {isa = PBXBuildFile; fileRef = 28D2530F2BD4BA3C00864187 /* FakeUserData.swift */; };
		28D253122BD4BD7900864187 /* ChatRoomsViewModel.swift in Sources */ = {isa = PBXBuildFile; fileRef = 28D253112BD4BD7900864187 /* ChatRoomsViewModel.swift */; };
		28D253162BD62D1600864187 /* TabBarController.swift in Sources */ = {isa = PBXBuildFile; fileRef = 28D253152BD62D1600864187 /* TabBarController.swift */; };
		28DF70382BE0C7BC00E14E8C /* SignInViewController.swift in Sources */ = {isa = PBXBuildFile; fileRef = 28DF70372BE0C7BC00E14E8C /* SignInViewController.swift */; };
/* End PBXBuildFile section */

/* Begin PBXFileReference section */
		2812409E2BC7847700777F91 /* LobbyPostCell.swift */ = {isa = PBXFileReference; lastKnownFileType = sourcecode.swift; path = LobbyPostCell.swift; sourceTree = "<group>"; };
		281240A02BC79FE000777F91 /* LobbyLayout.swift */ = {isa = PBXFileReference; lastKnownFileType = sourcecode.swift; path = LobbyLayout.swift; sourceTree = "<group>"; };
		281240A22BC7BDDD00777F91 /* PickPhotoViewController.swift */ = {isa = PBXFileReference; lastKnownFileType = sourcecode.swift; path = PickPhotoViewController.swift; sourceTree = "<group>"; };
		281240A42BC7C23D00777F91 /* PhotoCollectionViewCell.swift */ = {isa = PBXFileReference; lastKnownFileType = sourcecode.swift; path = PhotoCollectionViewCell.swift; sourceTree = "<group>"; };
		281240A62BC7EAC700777F91 /* WritePostContentViewController.swift */ = {isa = PBXFileReference; lastKnownFileType = sourcecode.swift; path = WritePostContentViewController.swift; sourceTree = "<group>"; };
		281240E22BC807C400777F91 /* WritePostContentViewModel.swift */ = {isa = PBXFileReference; lastKnownFileType = sourcecode.swift; path = WritePostContentViewModel.swift; sourceTree = "<group>"; };
		281240E42BC91B4700777F91 /* LobbyViewModel.swift */ = {isa = PBXFileReference; lastKnownFileType = sourcecode.swift; path = LobbyViewModel.swift; sourceTree = "<group>"; };
		281240E62BC9231800777F91 /* ChooseColorViewController.swift */ = {isa = PBXFileReference; lastKnownFileType = sourcecode.swift; path = ChooseColorViewController.swift; sourceTree = "<group>"; };
		281240E82BC9315400777F91 /* Colemi.entitlements */ = {isa = PBXFileReference; lastKnownFileType = text.plist.entitlements; path = Colemi.entitlements; sourceTree = "<group>"; };
		2815FE112BEDF10800A2757B /* EULAPopUp.swift */ = {isa = PBXFileReference; lastKnownFileType = sourcecode.swift; path = EULAPopUp.swift; sourceTree = "<group>"; };
		2815FE132BEE0DA700A2757B /* EULACell.swift */ = {isa = PBXFileReference; lastKnownFileType = sourcecode.swift; path = EULACell.swift; sourceTree = "<group>"; };
		2818B73F2BDA3BE700434EBF /* AllColorViewController.swift */ = {isa = PBXFileReference; lastKnownFileType = sourcecode.swift; path = AllColorViewController.swift; sourceTree = "<group>"; };
		2818B7412BDA3C2900434EBF /* TodayColorViewController.swift */ = {isa = PBXFileReference; lastKnownFileType = sourcecode.swift; path = TodayColorViewController.swift; sourceTree = "<group>"; };
		2818B7432BDA3C5200434EBF /* MixColorViewController.swift */ = {isa = PBXFileReference; lastKnownFileType = sourcecode.swift; path = MixColorViewController.swift; sourceTree = "<group>"; };
		2818B7452BDA3C8400434EBF /* FirstColorViewController.swift */ = {isa = PBXFileReference; lastKnownFileType = sourcecode.swift; path = FirstColorViewController.swift; sourceTree = "<group>"; };
		2818B7472BDA3CA500434EBF /* SecondColorViewController.swift */ = {isa = PBXFileReference; lastKnownFileType = sourcecode.swift; path = SecondColorViewController.swift; sourceTree = "<group>"; };
		2818B7492BDA3CC600434EBF /* ThirdColorViewController.swift */ = {isa = PBXFileReference; lastKnownFileType = sourcecode.swift; path = ThirdColorViewController.swift; sourceTree = "<group>"; };
		281C65782BCFC918003D2ECE /* PostDetailViewController.swift */ = {isa = PBXFileReference; lastKnownFileType = sourcecode.swift; path = PostDetailViewController.swift; sourceTree = "<group>"; };
		281C657A2BCFCA91003D2ECE /* PostDetailViewModel.swift */ = {isa = PBXFileReference; lastKnownFileType = sourcecode.swift; path = PostDetailViewModel.swift; sourceTree = "<group>"; };
		281C657F2BCFEB66003D2ECE /* DetailTableViewHeaderView.swift */ = {isa = PBXFileReference; lastKnownFileType = sourcecode.swift; path = DetailTableViewHeaderView.swift; sourceTree = "<group>"; };
		281C65812BCFED73003D2ECE /* AuthorInfoAndTitleCell.swift */ = {isa = PBXFileReference; lastKnownFileType = sourcecode.swift; path = AuthorInfoAndTitleCell.swift; sourceTree = "<group>"; };
		281C65832BCFFB15003D2ECE /* DescriptionCell.swift */ = {isa = PBXFileReference; lastKnownFileType = sourcecode.swift; path = DescriptionCell.swift; sourceTree = "<group>"; };
		281C65852BCFFE29003D2ECE /* TagCell.swift */ = {isa = PBXFileReference; lastKnownFileType = sourcecode.swift; path = TagCell.swift; sourceTree = "<group>"; };
		281C65872BD000F7003D2ECE /* SeperatorCell.swift */ = {isa = PBXFileReference; lastKnownFileType = sourcecode.swift; path = SeperatorCell.swift; sourceTree = "<group>"; };
		281C65892BD00233003D2ECE /* CommentCell.swift */ = {isa = PBXFileReference; lastKnownFileType = sourcecode.swift; path = CommentCell.swift; sourceTree = "<group>"; };
		281C65AD2BD0C33F003D2ECE /* ProfileViewController.swift */ = {isa = PBXFileReference; lastKnownFileType = sourcecode.swift; path = ProfileViewController.swift; sourceTree = "<group>"; };
		281C65B02BD0C4E5003D2ECE /* InformationCell.swift */ = {isa = PBXFileReference; lastKnownFileType = sourcecode.swift; path = InformationCell.swift; sourceTree = "<group>"; };
		281C65B22BD0DC08003D2ECE /* TextViewCell.swift */ = {isa = PBXFileReference; lastKnownFileType = sourcecode.swift; path = TextViewCell.swift; sourceTree = "<group>"; };
		281C65B42BD0E373003D2ECE /* FollowOrEditInfoCell.swift */ = {isa = PBXFileReference; lastKnownFileType = sourcecode.swift; path = FollowOrEditInfoCell.swift; sourceTree = "<group>"; };
		281C65B62BD0E50B003D2ECE /* ColorFootprintCell.swift */ = {isa = PBXFileReference; lastKnownFileType = sourcecode.swift; path = ColorFootprintCell.swift; sourceTree = "<group>"; };
		281C65B82BD0E663003D2ECE /* BestColorCell.swift */ = {isa = PBXFileReference; lastKnownFileType = sourcecode.swift; path = BestColorCell.swift; sourceTree = "<group>"; };
		281C65BA2BD0E7EB003D2ECE /* AchievementCell.swift */ = {isa = PBXFileReference; lastKnownFileType = sourcecode.swift; path = AchievementCell.swift; sourceTree = "<group>"; };
		281C65BD2BD0EDD9003D2ECE /* MissionCell.swift */ = {isa = PBXFileReference; lastKnownFileType = sourcecode.swift; path = MissionCell.swift; sourceTree = "<group>"; };
		2823431A2BCCF2210040C1CA /* CloudVisionResponseModel.swift */ = {isa = PBXFileReference; lastKnownFileType = sourcecode.swift; path = CloudVisionResponseModel.swift; sourceTree = "<group>"; };
		282343902BCD22020040C1CA /* ColorSimilarityViewModel.swift */ = {isa = PBXFileReference; lastKnownFileType = sourcecode.swift; path = ColorSimilarityViewModel.swift; sourceTree = "<group>"; };
		282343922BCEB5D20040C1CA /* Post.swift */ = {isa = PBXFileReference; lastKnownFileType = sourcecode.swift; path = Post.swift; sourceTree = "<group>"; };
		282F57E82BCA848800E3DBE6 /* UserDataReadyToSend.swift */ = {isa = PBXFileReference; lastKnownFileType = sourcecode.swift; path = UserDataReadyToSend.swift; sourceTree = "<group>"; };
		282F57EA2BCBDB0500E3DBE6 /* ColorSimilarityViewController.swift */ = {isa = PBXFileReference; lastKnownFileType = sourcecode.swift; path = ColorSimilarityViewController.swift; sourceTree = "<group>"; };
		282F57EC2BCC0F0E00E3DBE6 /* CloudVisionManager.swift */ = {isa = PBXFileReference; lastKnownFileType = sourcecode.swift; path = CloudVisionManager.swift; sourceTree = "<group>"; };
		283EF6572BD757420007C8D8 /* Comment.swift */ = {isa = PBXFileReference; lastKnownFileType = sourcecode.swift; path = Comment.swift; sourceTree = "<group>"; };
		2840D8A02BDB720700A6B3DC /* AllandMixColorsVCPopAnimator.swift */ = {isa = PBXFileReference; lastKnownFileType = sourcecode.swift; path = AllandMixColorsVCPopAnimator.swift; sourceTree = "<group>"; };
		2840D8A22BDBCAE800A6B3DC /* AllandMixColorVCDismissAnimator.swift */ = {isa = PBXFileReference; lastKnownFileType = sourcecode.swift; path = AllandMixColorVCDismissAnimator.swift; sourceTree = "<group>"; };
		2844CDC82BD65AB10086F67A /* ThemeColorProperty.swift */ = {isa = PBXFileReference; lastKnownFileType = sourcecode.swift; path = ThemeColorProperty.swift; sourceTree = "<group>"; };
		284F32BF2BC950AE00A61E88 /* ChooseColorViewModel.swift */ = {isa = PBXFileReference; lastKnownFileType = sourcecode.swift; path = ChooseColorViewModel.swift; sourceTree = "<group>"; };
		284F32C22BC9839400A61E88 /* UIColor+Extension.swift */ = {isa = PBXFileReference; lastKnownFileType = sourcecode.swift; path = "UIColor+Extension.swift"; sourceTree = "<group>"; };
		284F32C52BC98E0B00A61E88 /* ColorModel.swift */ = {isa = PBXFileReference; lastKnownFileType = sourcecode.swift; path = ColorModel.swift; sourceTree = "<group>"; };
		284F32C72BC98F8B00A61E88 /* UserManager.swift */ = {isa = PBXFileReference; lastKnownFileType = sourcecode.swift; path = UserManager.swift; sourceTree = "<group>"; };
		284F32C92BCA48BD00A61E88 /* PaletteViewController.swift */ = {isa = PBXFileReference; lastKnownFileType = sourcecode.swift; path = PaletteViewController.swift; sourceTree = "<group>"; };
		284F32CB2BCA641900A61E88 /* MPCSession.swift */ = {isa = PBXFileReference; lastKnownFileType = sourcecode.swift; path = MPCSession.swift; sourceTree = "<group>"; };
		28564D772BE7CAD1003B3FBA /* MainPageOverLayPopUp.swift */ = {isa = PBXFileReference; lastKnownFileType = sourcecode.swift; path = MainPageOverLayPopUp.swift; sourceTree = "<group>"; };
		28564D792BE87CB8003B3FBA /* OverLayPopUpViewModel.swift */ = {isa = PBXFileReference; lastKnownFileType = sourcecode.swift; path = OverLayPopUpViewModel.swift; sourceTree = "<group>"; };
		28564D7B2BE8DB3E003B3FBA /* SignOutCell.swift */ = {isa = PBXFileReference; lastKnownFileType = sourcecode.swift; path = SignOutCell.swift; sourceTree = "<group>"; };
		28564D7D2BE8DD7C003B3FBA /* DeleteAccountCell.swift */ = {isa = PBXFileReference; lastKnownFileType = sourcecode.swift; path = DeleteAccountCell.swift; sourceTree = "<group>"; };
		28564D7F2BE913C6003B3FBA /* AuthenticationViewModel.swift */ = {isa = PBXFileReference; lastKnownFileType = sourcecode.swift; path = AuthenticationViewModel.swift; sourceTree = "<group>"; };
		287A62CB2BE3D1F900E09788 /* TodayColorVCPopAnimator.swift */ = {isa = PBXFileReference; lastKnownFileType = sourcecode.swift; path = TodayColorVCPopAnimator.swift; sourceTree = "<group>"; };
		287A62CD2BE3D3A100E09788 /* TodayColorVCDismissAnimator.swift */ = {isa = PBXFileReference; lastKnownFileType = sourcecode.swift; path = TodayColorVCDismissAnimator.swift; sourceTree = "<group>"; };
		287A62D32BE3E21800E09788 /* TodayColorVCProtocol.swift */ = {isa = PBXFileReference; lastKnownFileType = sourcecode.swift; path = TodayColorVCProtocol.swift; sourceTree = "<group>"; };
		287A62D92BE4915900E09788 /* ProfileVCPopAnimator.swift */ = {isa = PBXFileReference; lastKnownFileType = sourcecode.swift; path = ProfileVCPopAnimator.swift; sourceTree = "<group>"; };
		287A62DB2BE4917E00E09788 /* ProfileVCDismissAnimator.swift */ = {isa = PBXFileReference; lastKnownFileType = sourcecode.swift; path = ProfileVCDismissAnimator.swift; sourceTree = "<group>"; };
		287A62DD2BE4C5EF00E09788 /* AllAndMixVCProtocol.swift */ = {isa = PBXFileReference; lastKnownFileType = sourcecode.swift; path = AllAndMixVCProtocol.swift; sourceTree = "<group>"; };
		287A62DF2BE4E56B00E09788 /* ChatCell.swift */ = {isa = PBXFileReference; lastKnownFileType = sourcecode.swift; path = ChatCell.swift; sourceTree = "<group>"; };
		287A62E12BE52DEA00E09788 /* SettingViewController.swift */ = {isa = PBXFileReference; lastKnownFileType = sourcecode.swift; path = SettingViewController.swift; sourceTree = "<group>"; };
		287A62E42BE52F7700E09788 /* AvatarEditCell.swift */ = {isa = PBXFileReference; lastKnownFileType = sourcecode.swift; path = AvatarEditCell.swift; sourceTree = "<group>"; };
		287A62E62BE5314700E09788 /* NormalSettingCell.swift */ = {isa = PBXFileReference; lastKnownFileType = sourcecode.swift; path = NormalSettingCell.swift; sourceTree = "<group>"; };
		287A62E82BE5E0C700E09788 /* SettingViewModel.swift */ = {isa = PBXFileReference; lastKnownFileType = sourcecode.swift; path = SettingViewModel.swift; sourceTree = "<group>"; };
		287A62EC2BE6255300E09788 /* InformationCellViewModel.swift */ = {isa = PBXFileReference; lastKnownFileType = sourcecode.swift; path = InformationCellViewModel.swift; sourceTree = "<group>"; };
		287A62EE2BE63B5B00E09788 /* ChatCellViewModel.swift */ = {isa = PBXFileReference; lastKnownFileType = sourcecode.swift; path = ChatCellViewModel.swift; sourceTree = "<group>"; };
		287A62F02BE67D8200E09788 /* OverLayPopUp.swift */ = {isa = PBXFileReference; lastKnownFileType = sourcecode.swift; path = OverLayPopUp.swift; sourceTree = "<group>"; };
		287A62F32BE690E200E09788 /* OverLayPopUpCell.swift */ = {isa = PBXFileReference; lastKnownFileType = sourcecode.swift; path = OverLayPopUpCell.swift; sourceTree = "<group>"; };
		287A62F52BE751BB00E09788 /* FollowViewController.swift */ = {isa = PBXFileReference; lastKnownFileType = sourcecode.swift; path = FollowViewController.swift; sourceTree = "<group>"; };
		287A62F72BE7530C00E09788 /* FollowTableViewCell.swift */ = {isa = PBXFileReference; lastKnownFileType = sourcecode.swift; path = FollowTableViewCell.swift; sourceTree = "<group>"; };
		287A62F92BE7551F00E09788 /* FollowViewModel.swift */ = {isa = PBXFileReference; lastKnownFileType = sourcecode.swift; path = FollowViewModel.swift; sourceTree = "<group>"; };
		287A62FC2BE7567300E09788 /* FollowersViewController.swift */ = {isa = PBXFileReference; lastKnownFileType = sourcecode.swift; path = FollowersViewController.swift; sourceTree = "<group>"; };
		287A62FE2BE756A200E09788 /* FollowingsViewController.swift */ = {isa = PBXFileReference; lastKnownFileType = sourcecode.swift; path = FollowingsViewController.swift; sourceTree = "<group>"; };
		287A63002BE75A3800E09788 /* FollowChildVCProtocol.swift */ = {isa = PBXFileReference; lastKnownFileType = sourcecode.swift; path = FollowChildVCProtocol.swift; sourceTree = "<group>"; };
		288064422BD1045A00FC2EFA /* SelectorHeaderView.swift */ = {isa = PBXFileReference; lastKnownFileType = sourcecode.swift; path = SelectorHeaderView.swift; sourceTree = "<group>"; };
		288064442BD1092300FC2EFA /* PostsAndSavesCell.swift */ = {isa = PBXFileReference; lastKnownFileType = sourcecode.swift; path = PostsAndSavesCell.swift; sourceTree = "<group>"; };
		288064462BD143A300FC2EFA /* FirestoreManager.swift */ = {isa = PBXFileReference; lastKnownFileType = sourcecode.swift; path = FirestoreManager.swift; sourceTree = "<group>"; };
		2880644A2BD14A7000FC2EFA /* User.swift */ = {isa = PBXFileReference; lastKnownFileType = sourcecode.swift; path = User.swift; sourceTree = "<group>"; };
		2880644C2BD153B500FC2EFA /* ChatRoomViewController.swift */ = {isa = PBXFileReference; lastKnownFileType = sourcecode.swift; path = ChatRoomViewController.swift; sourceTree = "<group>"; };
		2880644F2BD156D100FC2EFA /* OtherChatBubbleTableViewCell.swift */ = {isa = PBXFileReference; lastKnownFileType = sourcecode.swift; path = OtherChatBubbleTableViewCell.swift; sourceTree = "<group>"; };
		2882607F2BE0D85F00BE9B52 /* GoogleService-Info.plist */ = {isa = PBXFileReference; fileEncoding = 4; lastKnownFileType = text.plist.xml; path = "GoogleService-Info.plist"; sourceTree = "<group>"; };
		288753D42BEC5DD400EB601F /* ContactDeveloperCell.swift */ = {isa = PBXFileReference; lastKnownFileType = sourcecode.swift; path = ContactDeveloperCell.swift; sourceTree = "<group>"; };
		28966AC12BE099AD0088A526 /* UILabel+Extension.swift */ = {isa = PBXFileReference; lastKnownFileType = sourcecode.swift; path = "UILabel+Extension.swift"; sourceTree = "<group>"; };
		289D729A2BDD4C4100051D07 /* GenSenRounded-B.ttc */ = {isa = PBXFileReference; lastKnownFileType = file; path = "GenSenRounded-B.ttc"; sourceTree = "<group>"; };
		289D729B2BDD4C4200051D07 /* GenSenRounded-EL.ttc */ = {isa = PBXFileReference; lastKnownFileType = file; path = "GenSenRounded-EL.ttc"; sourceTree = "<group>"; };
		289D729C2BDD4C4200051D07 /* GenSenRounded-L.ttc */ = {isa = PBXFileReference; lastKnownFileType = file; path = "GenSenRounded-L.ttc"; sourceTree = "<group>"; };
		289D729D2BDD4C4300051D07 /* GenSenRounded-H.ttc */ = {isa = PBXFileReference; lastKnownFileType = file; path = "GenSenRounded-H.ttc"; sourceTree = "<group>"; };
		289D729E2BDD4C4300051D07 /* GenSenRounded-M.ttc */ = {isa = PBXFileReference; lastKnownFileType = file; path = "GenSenRounded-M.ttc"; sourceTree = "<group>"; };
		289D729F2BDD4C4400051D07 /* GenSenRounded-R.ttc */ = {isa = PBXFileReference; lastKnownFileType = file; path = "GenSenRounded-R.ttc"; sourceTree = "<group>"; };
		289D72A62BDD4FCB00051D07 /* FontProperty.swift */ = {isa = PBXFileReference; lastKnownFileType = sourcecode.swift; path = FontProperty.swift; sourceTree = "<group>"; };
		289D72A82BDE0D2500051D07 /* UITextView+Extension.swift */ = {isa = PBXFileReference; lastKnownFileType = sourcecode.swift; path = "UITextView+Extension.swift"; sourceTree = "<group>"; };
		28A91F7B2BEA185F0078F4C9 /* PaletteViewModel.swift */ = {isa = PBXFileReference; lastKnownFileType = sourcecode.swift; path = PaletteViewModel.swift; sourceTree = "<group>"; };
		28B0CD622BE9C0CA00485A95 /* SignInViewModel.swift */ = {isa = PBXFileReference; lastKnownFileType = sourcecode.swift; path = SignInViewModel.swift; sourceTree = "<group>"; };
		28B0CD642BE9EF6400485A95 /* LaunchViewController.swift */ = {isa = PBXFileReference; lastKnownFileType = sourcecode.swift; path = LaunchViewController.swift; sourceTree = "<group>"; };
		28C69B802BD1724800725BE7 /* MyChatBubbleTableViewCell.swift */ = {isa = PBXFileReference; lastKnownFileType = sourcecode.swift; path = MyChatBubbleTableViewCell.swift; sourceTree = "<group>"; };
		28C69B862BD26AD900725BE7 /* ChatRoomViewModel.swift */ = {isa = PBXFileReference; lastKnownFileType = sourcecode.swift; path = ChatRoomViewModel.swift; sourceTree = "<group>"; };
		28C69B882BD270BA00725BE7 /* Content.swift */ = {isa = PBXFileReference; lastKnownFileType = sourcecode.swift; path = Content.swift; sourceTree = "<group>"; };
		28C69B8A2BD2A4C000725BE7 /* ProfileViewModel.swift */ = {isa = PBXFileReference; lastKnownFileType = sourcecode.swift; path = ProfileViewModel.swift; sourceTree = "<group>"; };
		28D24DC72BC6C24200B7E114 /* Colemi.app */ = {isa = PBXFileReference; explicitFileType = wrapper.application; includeInIndex = 0; path = Colemi.app; sourceTree = BUILT_PRODUCTS_DIR; };
		28D24DCA2BC6C24200B7E114 /* AppDelegate.swift */ = {isa = PBXFileReference; lastKnownFileType = sourcecode.swift; path = AppDelegate.swift; sourceTree = "<group>"; };
		28D24DCC2BC6C24200B7E114 /* SceneDelegate.swift */ = {isa = PBXFileReference; lastKnownFileType = sourcecode.swift; path = SceneDelegate.swift; sourceTree = "<group>"; };
		28D24DCE2BC6C24200B7E114 /* LobbyViewController.swift */ = {isa = PBXFileReference; lastKnownFileType = sourcecode.swift; path = LobbyViewController.swift; sourceTree = "<group>"; };
		28D24DD12BC6C24200B7E114 /* Base */ = {isa = PBXFileReference; lastKnownFileType = file.storyboard; name = Base; path = Base.lproj/Main.storyboard; sourceTree = "<group>"; };
		28D24DD32BC6C24400B7E114 /* Assets.xcassets */ = {isa = PBXFileReference; lastKnownFileType = folder.assetcatalog; path = Assets.xcassets; sourceTree = "<group>"; };
		28D24DD62BC6C24400B7E114 /* Base */ = {isa = PBXFileReference; lastKnownFileType = file.storyboard; name = Base; path = Base.lproj/LaunchScreen.storyboard; sourceTree = "<group>"; };
		28D24DD82BC6C24400B7E114 /* Info.plist */ = {isa = PBXFileReference; lastKnownFileType = text.plist.xml; path = Info.plist; sourceTree = "<group>"; };
		28D253072BD3740700864187 /* ChatRoomsViewController.swift */ = {isa = PBXFileReference; lastKnownFileType = sourcecode.swift; path = ChatRoomsViewController.swift; sourceTree = "<group>"; };
		28D253092BD374BE00864187 /* ChatRoomTableViewCell.swift */ = {isa = PBXFileReference; lastKnownFileType = sourcecode.swift; path = ChatRoomTableViewCell.swift; sourceTree = "<group>"; };
		28D2530B2BD40EA200864187 /* SimpleChatRoom.swift */ = {isa = PBXFileReference; lastKnownFileType = sourcecode.swift; path = SimpleChatRoom.swift; sourceTree = "<group>"; };
		28D2530D2BD40F2300864187 /* DetailedChatRoom.swift */ = {isa = PBXFileReference; lastKnownFileType = sourcecode.swift; path = DetailedChatRoom.swift; sourceTree = "<group>"; };
		28D2530F2BD4BA3C00864187 /* FakeUserData.swift */ = {isa = PBXFileReference; lastKnownFileType = sourcecode.swift; path = FakeUserData.swift; sourceTree = "<group>"; };
		28D253112BD4BD7900864187 /* ChatRoomsViewModel.swift */ = {isa = PBXFileReference; lastKnownFileType = sourcecode.swift; path = ChatRoomsViewModel.swift; sourceTree = "<group>"; };
		28D253152BD62D1600864187 /* TabBarController.swift */ = {isa = PBXFileReference; lastKnownFileType = sourcecode.swift; path = TabBarController.swift; sourceTree = "<group>"; };
		28DF70372BE0C7BC00E14E8C /* SignInViewController.swift */ = {isa = PBXFileReference; lastKnownFileType = sourcecode.swift; path = SignInViewController.swift; sourceTree = "<group>"; };
/* End PBXFileReference section */

/* Begin PBXFrameworksBuildPhase section */
		28D24DC42BC6C24200B7E114 /* Frameworks */ = {
			isa = PBXFrameworksBuildPhase;
			buildActionMask = 2147483647;
			files = (
				281240BE2BC8062600777F91 /* FirebaseDatabase in Frameworks */,
				281240CC2BC8062600777F91 /* FirebaseFunctionsCombine-Community in Frameworks */,
				281240C42BC8062600777F91 /* FirebaseFirestore in Frameworks */,
				281240B02BC8062600777F91 /* FirebaseAnalyticsSwift in Frameworks */,
				281240AC2BC8062600777F91 /* FirebaseAnalytics in Frameworks */,
				2882607C2BE0D77600BE9B52 /* GoogleSignIn in Frameworks */,
				281240AE2BC8062600777F91 /* FirebaseAnalyticsOnDeviceConversion in Frameworks */,
				281240D42BC8062600777F91 /* FirebaseMLModelDownloader in Frameworks */,
				281240C82BC8062600777F91 /* FirebaseFirestoreSwift in Frameworks */,
				281240B42BC8062600777F91 /* FirebaseAppCheck in Frameworks */,
				281240B22BC8062600777F91 /* FirebaseAnalyticsWithoutAdIdSupport in Frameworks */,
				281240B82BC8062600777F91 /* FirebaseAuth in Frameworks */,
				281240BC2BC8062600777F91 /* FirebaseCrashlytics in Frameworks */,
				281240DC2BC8062600777F91 /* FirebaseRemoteConfigSwift in Frameworks */,
				281240CE2BC8062600777F91 /* FirebaseInAppMessaging-Beta in Frameworks */,
				281240C02BC8062600777F91 /* FirebaseDatabaseSwift in Frameworks */,
				281240CA2BC8062600777F91 /* FirebaseFunctions in Frameworks */,
				281C65772BCF7848003D2ECE /* Kingfisher in Frameworks */,
				281240E02BC8062600777F91 /* FirebaseStorageCombine-Community in Frameworks */,
				281240DA2BC8062600777F91 /* FirebaseRemoteConfig in Frameworks */,
				281240B62BC8062600777F91 /* FirebaseAppDistribution-Beta in Frameworks */,
				281240BA2BC8062600777F91 /* FirebaseAuthCombine-Community in Frameworks */,
				281240D82BC8062600777F91 /* FirebasePerformance in Frameworks */,
				2882607E2BE0D77600BE9B52 /* GoogleSignInSwift in Frameworks */,
				281240D02BC8062600777F91 /* FirebaseInAppMessagingSwift-Beta in Frameworks */,
				281240DE2BC8062600777F91 /* FirebaseStorage in Frameworks */,
				281240C22BC8062600777F91 /* FirebaseDynamicLinks in Frameworks */,
				281240C62BC8062600777F91 /* FirebaseFirestoreCombine-Community in Frameworks */,
				281240D62BC8062600777F91 /* FirebaseMessaging in Frameworks */,
				28C69B852BD2642600725BE7 /* IQKeyboardManagerSwift in Frameworks */,
				281240D22BC8062600777F91 /* FirebaseInstallations in Frameworks */,
			);
			runOnlyForDeploymentPostprocessing = 0;
		};
/* End PBXFrameworksBuildPhase section */

/* Begin PBXGroup section */
		2812409D2BC7844E00777F91 /* Views */ = {
			isa = PBXGroup;
			children = (
				28B0CD642BE9EF6400485A95 /* LaunchViewController.swift */,
				28DF70372BE0C7BC00E14E8C /* SignInViewController.swift */,
				2815FE112BEDF10800A2757B /* EULAPopUp.swift */,
				28D253152BD62D1600864187 /* TabBarController.swift */,
				28C69B822BD2638600725BE7 /* LobbyPage */,
				281C657E2BCFEAB5003D2ECE /* PostDetailPage */,
				281C65AF2BD0C490003D2ECE /* ProfilePage */,
				281240E62BC9231800777F91 /* ChooseColorViewController.swift */,
				284F32C92BCA48BD00A61E88 /* PaletteViewController.swift */,
				281240A22BC7BDDD00777F91 /* PickPhotoViewController.swift */,
				281240A42BC7C23D00777F91 /* PhotoCollectionViewCell.swift */,
				281240A62BC7EAC700777F91 /* WritePostContentViewController.swift */,
				282F57EA2BCBDB0500E3DBE6 /* ColorSimilarityViewController.swift */,
				2880644E2BD1550C00FC2EFA /* ChatRoomPage */,
			);
			path = Views;
			sourceTree = "<group>";
		};
		281240E12BC8079200777F91 /* ViewModels */ = {
			isa = PBXGroup;
			children = (
				281240E42BC91B4700777F91 /* LobbyViewModel.swift */,
				281C657A2BCFCA91003D2ECE /* PostDetailViewModel.swift */,
				284F32BF2BC950AE00A61E88 /* ChooseColorViewModel.swift */,
				28A91F7B2BEA185F0078F4C9 /* PaletteViewModel.swift */,
				281240E22BC807C400777F91 /* WritePostContentViewModel.swift */,
				282343902BCD22020040C1CA /* ColorSimilarityViewModel.swift */,
				28D253112BD4BD7900864187 /* ChatRoomsViewModel.swift */,
				28C69B862BD26AD900725BE7 /* ChatRoomViewModel.swift */,
				28C69B8A2BD2A4C000725BE7 /* ProfileViewModel.swift */,
				287A62EC2BE6255300E09788 /* InformationCellViewModel.swift */,
				287A62EE2BE63B5B00E09788 /* ChatCellViewModel.swift */,
				287A62E82BE5E0C700E09788 /* SettingViewModel.swift */,
				287A62F92BE7551F00E09788 /* FollowViewModel.swift */,
				28564D792BE87CB8003B3FBA /* OverLayPopUpViewModel.swift */,
				28B0CD622BE9C0CA00485A95 /* SignInViewModel.swift */,
			);
			path = ViewModels;
			sourceTree = "<group>";
		};
		281C657E2BCFEAB5003D2ECE /* PostDetailPage */ = {
			isa = PBXGroup;
			children = (
				281C65782BCFC918003D2ECE /* PostDetailViewController.swift */,
				281C657F2BCFEB66003D2ECE /* DetailTableViewHeaderView.swift */,
				281C65812BCFED73003D2ECE /* AuthorInfoAndTitleCell.swift */,
				281C65832BCFFB15003D2ECE /* DescriptionCell.swift */,
				281C65852BCFFE29003D2ECE /* TagCell.swift */,
				281C65872BD000F7003D2ECE /* SeperatorCell.swift */,
				281C65892BD00233003D2ECE /* CommentCell.swift */,
			);
			path = PostDetailPage;
			sourceTree = "<group>";
		};
		281C65AF2BD0C490003D2ECE /* ProfilePage */ = {
			isa = PBXGroup;
			children = (
				281C65AD2BD0C33F003D2ECE /* ProfileViewController.swift */,
				281C65B02BD0C4E5003D2ECE /* InformationCell.swift */,
				281C65BC2BD0ED96003D2ECE /* InfoCollectionViewCells */,
				287A62E32BE52E6C00E09788 /* SettingPage */,
				281C65BD2BD0EDD9003D2ECE /* MissionCell.swift */,
				288064422BD1045A00FC2EFA /* SelectorHeaderView.swift */,
				288064442BD1092300FC2EFA /* PostsAndSavesCell.swift */,
				287A62FB2BE7564B00E09788 /* FollowersFollowingsPage */,
				287A62F22BE690C000E09788 /* PopUp */,
			);
			path = ProfilePage;
			sourceTree = "<group>";
		};
		281C65BC2BD0ED96003D2ECE /* InfoCollectionViewCells */ = {
			isa = PBXGroup;
			children = (
				281C65B22BD0DC08003D2ECE /* TextViewCell.swift */,
				281C65B42BD0E373003D2ECE /* FollowOrEditInfoCell.swift */,
				287A62DF2BE4E56B00E09788 /* ChatCell.swift */,
				281C65B62BD0E50B003D2ECE /* ColorFootprintCell.swift */,
				281C65B82BD0E663003D2ECE /* BestColorCell.swift */,
				281C65BA2BD0E7EB003D2ECE /* AchievementCell.swift */,
			);
			path = InfoCollectionViewCells;
			sourceTree = "<group>";
		};
		2840D89F2BDB71F300A6B3DC /* Animations */ = {
			isa = PBXGroup;
			children = (
				2840D8A02BDB720700A6B3DC /* AllandMixColorsVCPopAnimator.swift */,
				2840D8A22BDBCAE800A6B3DC /* AllandMixColorVCDismissAnimator.swift */,
				287A62CB2BE3D1F900E09788 /* TodayColorVCPopAnimator.swift */,
				287A62CD2BE3D3A100E09788 /* TodayColorVCDismissAnimator.swift */,
				287A62D92BE4915900E09788 /* ProfileVCPopAnimator.swift */,
				287A62DB2BE4917E00E09788 /* ProfileVCDismissAnimator.swift */,
			);
			path = Animations;
			sourceTree = "<group>";
		};
		284F32C12BC9831700A61E88 /* Extensions */ = {
			isa = PBXGroup;
			children = (
				284F32C22BC9839400A61E88 /* UIColor+Extension.swift */,
				289D72A82BDE0D2500051D07 /* UITextView+Extension.swift */,
				28966AC12BE099AD0088A526 /* UILabel+Extension.swift */,
			);
			path = Extensions;
			sourceTree = "<group>";
		};
		284F32C42BC98DF500A61E88 /* Models */ = {
			isa = PBXGroup;
			children = (
				284F32C52BC98E0B00A61E88 /* ColorModel.swift */,
				284F32CB2BCA641900A61E88 /* MPCSession.swift */,
				282F57EC2BCC0F0E00E3DBE6 /* CloudVisionManager.swift */,
				2823431A2BCCF2210040C1CA /* CloudVisionResponseModel.swift */,
				282343922BCEB5D20040C1CA /* Post.swift */,
				2880644A2BD14A7000FC2EFA /* User.swift */,
				283EF6572BD757420007C8D8 /* Comment.swift */,
				28D2530B2BD40EA200864187 /* SimpleChatRoom.swift */,
				28D2530D2BD40F2300864187 /* DetailedChatRoom.swift */,
				28C69B882BD270BA00725BE7 /* Content.swift */,
				288064462BD143A300FC2EFA /* FirestoreManager.swift */,
				28564D7F2BE913C6003B3FBA /* AuthenticationViewModel.swift */,
			);
			path = Models;
			sourceTree = "<group>";
		};
		287A62E32BE52E6C00E09788 /* SettingPage */ = {
			isa = PBXGroup;
			children = (
				287A62E12BE52DEA00E09788 /* SettingViewController.swift */,
				287A62E42BE52F7700E09788 /* AvatarEditCell.swift */,
				28564D7B2BE8DB3E003B3FBA /* SignOutCell.swift */,
				28564D7D2BE8DD7C003B3FBA /* DeleteAccountCell.swift */,
				287A62E62BE5314700E09788 /* NormalSettingCell.swift */,
				288753D42BEC5DD400EB601F /* ContactDeveloperCell.swift */,
				2815FE132BEE0DA700A2757B /* EULACell.swift */,
			);
			path = SettingPage;
			sourceTree = "<group>";
		};
		287A62F22BE690C000E09788 /* PopUp */ = {
			isa = PBXGroup;
			children = (
				287A62F02BE67D8200E09788 /* OverLayPopUp.swift */,
				287A62F32BE690E200E09788 /* OverLayPopUpCell.swift */,
			);
			path = PopUp;
			sourceTree = "<group>";
		};
		287A62FB2BE7564B00E09788 /* FollowersFollowingsPage */ = {
			isa = PBXGroup;
			children = (
				287A62F52BE751BB00E09788 /* FollowViewController.swift */,
				287A62FC2BE7567300E09788 /* FollowersViewController.swift */,
				287A62FE2BE756A200E09788 /* FollowingsViewController.swift */,
				287A62F72BE7530C00E09788 /* FollowTableViewCell.swift */,
				287A63002BE75A3800E09788 /* FollowChildVCProtocol.swift */,
			);
			path = FollowersFollowingsPage;
			sourceTree = "<group>";
		};
		2880644E2BD1550C00FC2EFA /* ChatRoomPage */ = {
			isa = PBXGroup;
			children = (
				28D253072BD3740700864187 /* ChatRoomsViewController.swift */,
				28D253092BD374BE00864187 /* ChatRoomTableViewCell.swift */,
				2880644C2BD153B500FC2EFA /* ChatRoomViewController.swift */,
				28C69B802BD1724800725BE7 /* MyChatBubbleTableViewCell.swift */,
				2880644F2BD156D100FC2EFA /* OtherChatBubbleTableViewCell.swift */,
			);
			path = ChatRoomPage;
			sourceTree = "<group>";
		};
		289D72992BDD4BDC00051D07 /* Fonts */ = {
			isa = PBXGroup;
			children = (
				289D729A2BDD4C4100051D07 /* GenSenRounded-B.ttc */,
				289D729B2BDD4C4200051D07 /* GenSenRounded-EL.ttc */,
				289D729D2BDD4C4300051D07 /* GenSenRounded-H.ttc */,
				289D729C2BDD4C4200051D07 /* GenSenRounded-L.ttc */,
				289D729E2BDD4C4300051D07 /* GenSenRounded-M.ttc */,
				289D729F2BDD4C4400051D07 /* GenSenRounded-R.ttc */,
			);
			path = Fonts;
			sourceTree = "<group>";
		};
		28C69B822BD2638600725BE7 /* LobbyPage */ = {
			isa = PBXGroup;
			children = (
				28D24DCE2BC6C24200B7E114 /* LobbyViewController.swift */,
				287A62DD2BE4C5EF00E09788 /* AllAndMixVCProtocol.swift */,
				2818B73F2BDA3BE700434EBF /* AllColorViewController.swift */,
				2818B7412BDA3C2900434EBF /* TodayColorViewController.swift */,
				2818B7432BDA3C5200434EBF /* MixColorViewController.swift */,
				287A62D32BE3E21800E09788 /* TodayColorVCProtocol.swift */,
				2818B7452BDA3C8400434EBF /* FirstColorViewController.swift */,
				2818B7472BDA3CA500434EBF /* SecondColorViewController.swift */,
				2818B7492BDA3CC600434EBF /* ThirdColorViewController.swift */,
				281240A02BC79FE000777F91 /* LobbyLayout.swift */,
				2812409E2BC7847700777F91 /* LobbyPostCell.swift */,
				28564D772BE7CAD1003B3FBA /* MainPageOverLayPopUp.swift */,
			);
			path = LobbyPage;
			sourceTree = "<group>";
		};
		28D24DBE2BC6C24200B7E114 = {
			isa = PBXGroup;
			children = (
				28D24DC92BC6C24200B7E114 /* Colemi */,
				28D24DC82BC6C24200B7E114 /* Products */,
			);
			sourceTree = "<group>";
		};
		28D24DC82BC6C24200B7E114 /* Products */ = {
			isa = PBXGroup;
			children = (
				28D24DC72BC6C24200B7E114 /* Colemi.app */,
			);
			name = Products;
			sourceTree = "<group>";
		};
		28D24DC92BC6C24200B7E114 /* Colemi */ = {
			isa = PBXGroup;
			children = (
				281240E82BC9315400777F91 /* Colemi.entitlements */,
				28D24DCA2BC6C24200B7E114 /* AppDelegate.swift */,
				28D24DCC2BC6C24200B7E114 /* SceneDelegate.swift */,
				28D2530F2BD4BA3C00864187 /* FakeUserData.swift */,
				2844CDC82BD65AB10086F67A /* ThemeColorProperty.swift */,
				289D72A62BDD4FCB00051D07 /* FontProperty.swift */,
				284F32C72BC98F8B00A61E88 /* UserManager.swift */,
				282F57E82BCA848800E3DBE6 /* UserDataReadyToSend.swift */,
				289D72992BDD4BDC00051D07 /* Fonts */,
				2840D89F2BDB71F300A6B3DC /* Animations */,
				284F32C12BC9831700A61E88 /* Extensions */,
				284F32C42BC98DF500A61E88 /* Models */,
				2812409D2BC7844E00777F91 /* Views */,
				281240E12BC8079200777F91 /* ViewModels */,
				28D24DD02BC6C24200B7E114 /* Main.storyboard */,
				28D24DD32BC6C24400B7E114 /* Assets.xcassets */,
				28D24DD52BC6C24400B7E114 /* LaunchScreen.storyboard */,
				28D24DD82BC6C24400B7E114 /* Info.plist */,
				2882607F2BE0D85F00BE9B52 /* GoogleService-Info.plist */,
			);
			path = Colemi;
			sourceTree = "<group>";
		};
/* End PBXGroup section */

/* Begin PBXNativeTarget section */
		28D24DC62BC6C24200B7E114 /* Colemi */ = {
			isa = PBXNativeTarget;
			buildConfigurationList = 28D24DDB2BC6C24400B7E114 /* Build configuration list for PBXNativeTarget "Colemi" */;
			buildPhases = (
				28D24DC32BC6C24200B7E114 /* Sources */,
				28D24DC42BC6C24200B7E114 /* Frameworks */,
				28D24DC52BC6C24200B7E114 /* Resources */,
				288753D62BECA25E00EB601F /* ShellScript */,
			);
			buildRules = (
			);
			dependencies = (
				2854A7BF2BC7775A008F6A58 /* PBXTargetDependency */,
			);
			name = Colemi;
			packageProductDependencies = (
				281240AB2BC8062600777F91 /* FirebaseAnalytics */,
				281240AD2BC8062600777F91 /* FirebaseAnalyticsOnDeviceConversion */,
				281240AF2BC8062600777F91 /* FirebaseAnalyticsSwift */,
				281240B12BC8062600777F91 /* FirebaseAnalyticsWithoutAdIdSupport */,
				281240B32BC8062600777F91 /* FirebaseAppCheck */,
				281240B52BC8062600777F91 /* FirebaseAppDistribution-Beta */,
				281240B72BC8062600777F91 /* FirebaseAuth */,
				281240B92BC8062600777F91 /* FirebaseAuthCombine-Community */,
				281240BB2BC8062600777F91 /* FirebaseCrashlytics */,
				281240BD2BC8062600777F91 /* FirebaseDatabase */,
				281240BF2BC8062600777F91 /* FirebaseDatabaseSwift */,
				281240C12BC8062600777F91 /* FirebaseDynamicLinks */,
				281240C32BC8062600777F91 /* FirebaseFirestore */,
				281240C52BC8062600777F91 /* FirebaseFirestoreCombine-Community */,
				281240C72BC8062600777F91 /* FirebaseFirestoreSwift */,
				281240C92BC8062600777F91 /* FirebaseFunctions */,
				281240CB2BC8062600777F91 /* FirebaseFunctionsCombine-Community */,
				281240CD2BC8062600777F91 /* FirebaseInAppMessaging-Beta */,
				281240CF2BC8062600777F91 /* FirebaseInAppMessagingSwift-Beta */,
				281240D12BC8062600777F91 /* FirebaseInstallations */,
				281240D32BC8062600777F91 /* FirebaseMLModelDownloader */,
				281240D52BC8062600777F91 /* FirebaseMessaging */,
				281240D72BC8062600777F91 /* FirebasePerformance */,
				281240D92BC8062600777F91 /* FirebaseRemoteConfig */,
				281240DB2BC8062600777F91 /* FirebaseRemoteConfigSwift */,
				281240DD2BC8062600777F91 /* FirebaseStorage */,
				281240DF2BC8062600777F91 /* FirebaseStorageCombine-Community */,
				281C65762BCF7848003D2ECE /* Kingfisher */,
				28C69B842BD2642600725BE7 /* IQKeyboardManagerSwift */,
				2882607B2BE0D77600BE9B52 /* GoogleSignIn */,
				2882607D2BE0D77600BE9B52 /* GoogleSignInSwift */,
			);
			productName = Colemi;
			productReference = 28D24DC72BC6C24200B7E114 /* Colemi.app */;
			productType = "com.apple.product-type.application";
		};
/* End PBXNativeTarget section */

/* Begin PBXProject section */
		28D24DBF2BC6C24200B7E114 /* Project object */ = {
			isa = PBXProject;
			attributes = {
				BuildIndependentTargetsInParallel = 1;
				LastSwiftUpdateCheck = 1520;
				LastUpgradeCheck = 1520;
				TargetAttributes = {
					28D24DC62BC6C24200B7E114 = {
						CreatedOnToolsVersion = 15.2;
					};
				};
			};
			buildConfigurationList = 28D24DC22BC6C24200B7E114 /* Build configuration list for PBXProject "Colemi" */;
			compatibilityVersion = "Xcode 14.0";
			developmentRegion = en;
			hasScannedForEncodings = 0;
			knownRegions = (
				en,
				Base,
			);
			mainGroup = 28D24DBE2BC6C24200B7E114;
			packageReferences = (
				2854A7BD2BC76DC1008F6A58 /* XCRemoteSwiftPackageReference "SwiftLint" */,
				281240AA2BC8062600777F91 /* XCRemoteSwiftPackageReference "firebase-ios-sdk" */,
				281C65752BCF7848003D2ECE /* XCRemoteSwiftPackageReference "Kingfisher" */,
				28C69B832BD2642600725BE7 /* XCRemoteSwiftPackageReference "IQKeyboardManager" */,
				2882607A2BE0D77500BE9B52 /* XCRemoteSwiftPackageReference "GoogleSignIn-iOS" */,
			);
			productRefGroup = 28D24DC82BC6C24200B7E114 /* Products */;
			projectDirPath = "";
			projectRoot = "";
			targets = (
				28D24DC62BC6C24200B7E114 /* Colemi */,
			);
		};
/* End PBXProject section */

/* Begin PBXResourcesBuildPhase section */
		28D24DC52BC6C24200B7E114 /* Resources */ = {
			isa = PBXResourcesBuildPhase;
			buildActionMask = 2147483647;
			files = (
				289D72A52BDD4CD100051D07 /* GenSenRounded-R.ttc in Resources */,
				28D24DD72BC6C24400B7E114 /* LaunchScreen.storyboard in Resources */,
				289D72A02BDD4CC500051D07 /* GenSenRounded-B.ttc in Resources */,
				289D72A22BDD4CCA00051D07 /* GenSenRounded-H.ttc in Resources */,
				288260802BE0D85F00BE9B52 /* GoogleService-Info.plist in Resources */,
				28D24DD42BC6C24400B7E114 /* Assets.xcassets in Resources */,
				289D72A12BDD4CC800051D07 /* GenSenRounded-EL.ttc in Resources */,
				289D72A42BDD4CCF00051D07 /* GenSenRounded-M.ttc in Resources */,
				289D72A32BDD4CCD00051D07 /* GenSenRounded-L.ttc in Resources */,
				28D24DD22BC6C24200B7E114 /* Main.storyboard in Resources */,
			);
			runOnlyForDeploymentPostprocessing = 0;
		};
/* End PBXResourcesBuildPhase section */

/* Begin PBXShellScriptBuildPhase section */
		288753D62BECA25E00EB601F /* ShellScript */ = {
			isa = PBXShellScriptBuildPhase;
			buildActionMask = 2147483647;
			files = (
			);
			inputFileListPaths = (
			);
			inputPaths = (
				"${DWARF_DSYM_FOLDER_PATH}/${DWARF_DSYM_FILE_NAME}/Contents/Resources/DWARF/${TARGET_NAME}",
				"$(SRCROOT)/$(BUILT_PRODUCTS_DIR)/$(INFOPLIST_PATH)",
			);
			outputFileListPaths = (
			);
			outputPaths = (
			);
			runOnlyForDeploymentPostprocessing = 0;
			shellPath = /bin/sh;
			shellScript = "\"${BUILD_DIR%Build/*}SourcePackages/checkouts/firebase-ios-sdk/Crashlytics/run\"\n";
		};
/* End PBXShellScriptBuildPhase section */

/* Begin PBXSourcesBuildPhase section */
		28D24DC32BC6C24200B7E114 /* Sources */ = {
			isa = PBXSourcesBuildPhase;
			buildActionMask = 2147483647;
			files = (
				28A91F7C2BEA185F0078F4C9 /* PaletteViewModel.swift in Sources */,
				2818B74A2BDA3CC600434EBF /* ThirdColorViewController.swift in Sources */,
				281240A12BC79FE000777F91 /* LobbyLayout.swift in Sources */,
				288064472BD143A300FC2EFA /* FirestoreManager.swift in Sources */,
				28564D782BE7CAD1003B3FBA /* MainPageOverLayPopUp.swift in Sources */,
				28564D7A2BE87CB8003B3FBA /* OverLayPopUpViewModel.swift in Sources */,
				281C65792BCFC918003D2ECE /* PostDetailViewController.swift in Sources */,
				284F32C62BC98E0B00A61E88 /* ColorModel.swift in Sources */,
				281C65B92BD0E663003D2ECE /* BestColorCell.swift in Sources */,
				2818B7442BDA3C5200434EBF /* MixColorViewController.swift in Sources */,
				287A62F42BE690E200E09788 /* OverLayPopUpCell.swift in Sources */,
				287A62DA2BE4915900E09788 /* ProfileVCPopAnimator.swift in Sources */,
				28C69B812BD1724800725BE7 /* MyChatBubbleTableViewCell.swift in Sources */,
				287A62D42BE3E21800E09788 /* TodayColorVCProtocol.swift in Sources */,
				281C65B72BD0E50B003D2ECE /* ColorFootprintCell.swift in Sources */,
				28D2530A2BD374BE00864187 /* ChatRoomTableViewCell.swift in Sources */,
				2812409F2BC7847700777F91 /* LobbyPostCell.swift in Sources */,
				287A62FA2BE7551F00E09788 /* FollowViewModel.swift in Sources */,
				281C65822BCFED73003D2ECE /* AuthorInfoAndTitleCell.swift in Sources */,
				288753D52BEC5DD400EB601F /* ContactDeveloperCell.swift in Sources */,
				284F32C82BC98F8B00A61E88 /* UserManager.swift in Sources */,
				287A62E92BE5E0C700E09788 /* SettingViewModel.swift in Sources */,
				288064432BD1045A00FC2EFA /* SelectorHeaderView.swift in Sources */,
				281C65AE2BD0C33F003D2ECE /* ProfileViewController.swift in Sources */,
				28D253162BD62D1600864187 /* TabBarController.swift in Sources */,
				287A62E22BE52DEA00E09788 /* SettingViewController.swift in Sources */,
				287A62CC2BE3D1F900E09788 /* TodayColorVCPopAnimator.swift in Sources */,
				284F32CA2BCA48BD00A61E88 /* PaletteViewController.swift in Sources */,
				282F57ED2BCC0F0E00E3DBE6 /* CloudVisionManager.swift in Sources */,
				28D253102BD4BA3C00864187 /* FakeUserData.swift in Sources */,
				283EF6582BD757420007C8D8 /* Comment.swift in Sources */,
				287A62E02BE4E56B00E09788 /* ChatCell.swift in Sources */,
				287A62E72BE5314700E09788 /* NormalSettingCell.swift in Sources */,
				281240A72BC7EAC700777F91 /* WritePostContentViewController.swift in Sources */,
				2815FE142BEE0DA700A2757B /* EULACell.swift in Sources */,
				2818B7482BDA3CA500434EBF /* SecondColorViewController.swift in Sources */,
				28D253082BD3740700864187 /* ChatRoomsViewController.swift in Sources */,
				287A62DE2BE4C5EF00E09788 /* AllAndMixVCProtocol.swift in Sources */,
				288064452BD1092300FC2EFA /* PostsAndSavesCell.swift in Sources */,
				28B0CD632BE9C0CA00485A95 /* SignInViewModel.swift in Sources */,
				281240E72BC9231800777F91 /* ChooseColorViewController.swift in Sources */,
				288064502BD156D100FC2EFA /* OtherChatBubbleTableViewCell.swift in Sources */,
				287A62F82BE7530C00E09788 /* FollowTableViewCell.swift in Sources */,
				281C657B2BCFCA91003D2ECE /* PostDetailViewModel.swift in Sources */,
				287A63012BE75A3800E09788 /* FollowChildVCProtocol.swift in Sources */,
				281240A32BC7BDDD00777F91 /* PickPhotoViewController.swift in Sources */,
				287A62DC2BE4917E00E09788 /* ProfileVCDismissAnimator.swift in Sources */,
				28D24DCF2BC6C24200B7E114 /* LobbyViewController.swift in Sources */,
				281C65B52BD0E373003D2ECE /* FollowOrEditInfoCell.swift in Sources */,
				281240E32BC807C400777F91 /* WritePostContentViewModel.swift in Sources */,
				281C65B32BD0DC08003D2ECE /* TextViewCell.swift in Sources */,
				28D2530C2BD40EA200864187 /* SimpleChatRoom.swift in Sources */,
				287A62FF2BE756A200E09788 /* FollowingsViewController.swift in Sources */,
				281C65BE2BD0EDDA003D2ECE /* MissionCell.swift in Sources */,
				28564D7E2BE8DD7C003B3FBA /* DeleteAccountCell.swift in Sources */,
				28B0CD652BE9EF6400485A95 /* LaunchViewController.swift in Sources */,
				281240A52BC7C23D00777F91 /* PhotoCollectionViewCell.swift in Sources */,
				28D24DCB2BC6C24200B7E114 /* AppDelegate.swift in Sources */,
				28D253122BD4BD7900864187 /* ChatRoomsViewModel.swift in Sources */,
				287A62EF2BE63B5B00E09788 /* ChatCellViewModel.swift in Sources */,
				289D72A72BDD4FCB00051D07 /* FontProperty.swift in Sources */,
				281C65842BCFFB15003D2ECE /* DescriptionCell.swift in Sources */,
				2844CDC92BD65AB10086F67A /* ThemeColorProperty.swift in Sources */,
				28D2530E2BD40F2300864187 /* DetailedChatRoom.swift in Sources */,
				28DF70382BE0C7BC00E14E8C /* SignInViewController.swift in Sources */,
				287A62F12BE67D8200E09788 /* OverLayPopUp.swift in Sources */,
				289D72A92BDE0D2500051D07 /* UITextView+Extension.swift in Sources */,
				2818B7402BDA3BE700434EBF /* AllColorViewController.swift in Sources */,
				287A62E52BE52F7700E09788 /* AvatarEditCell.swift in Sources */,
				284F32C02BC950AE00A61E88 /* ChooseColorViewModel.swift in Sources */,
				281C65802BCFEB66003D2ECE /* DetailTableViewHeaderView.swift in Sources */,
				284F32CC2BCA641900A61E88 /* MPCSession.swift in Sources */,
				284F32C32BC9839400A61E88 /* UIColor+Extension.swift in Sources */,
				2818B7422BDA3C2900434EBF /* TodayColorViewController.swift in Sources */,
				287A62F62BE751BB00E09788 /* FollowViewController.swift in Sources */,
				281C65862BCFFE29003D2ECE /* TagCell.swift in Sources */,
				2815FE122BEDF10800A2757B /* EULAPopUp.swift in Sources */,
				282F57EB2BCBDB0500E3DBE6 /* ColorSimilarityViewController.swift in Sources */,
				282343932BCEB5D20040C1CA /* Post.swift in Sources */,
				28966AC22BE099AD0088A526 /* UILabel+Extension.swift in Sources */,
				282343912BCD22020040C1CA /* ColorSimilarityViewModel.swift in Sources */,
				282F57E92BCA848800E3DBE6 /* UserDataReadyToSend.swift in Sources */,
				287A62FD2BE7567300E09788 /* FollowersViewController.swift in Sources */,
				28D24DCD2BC6C24200B7E114 /* SceneDelegate.swift in Sources */,
				281C658A2BD00233003D2ECE /* CommentCell.swift in Sources */,
				281C65882BD000F7003D2ECE /* SeperatorCell.swift in Sources */,
				281C65B12BD0C4E5003D2ECE /* InformationCell.swift in Sources */,
				28564D7C2BE8DB3E003B3FBA /* SignOutCell.swift in Sources */,
				28C69B8B2BD2A4C000725BE7 /* ProfileViewModel.swift in Sources */,
				28C69B892BD270BA00725BE7 /* Content.swift in Sources */,
				287A62CE2BE3D3A100E09788 /* TodayColorVCDismissAnimator.swift in Sources */,
				2840D8A12BDB720700A6B3DC /* AllandMixColorsVCPopAnimator.swift in Sources */,
				2840D8A32BDBCAE800A6B3DC /* AllandMixColorVCDismissAnimator.swift in Sources */,
				281240E52BC91B4700777F91 /* LobbyViewModel.swift in Sources */,
				2823431B2BCCF2210040C1CA /* CloudVisionResponseModel.swift in Sources */,
				28C69B872BD26AD900725BE7 /* ChatRoomViewModel.swift in Sources */,
				281C65BB2BD0E7EB003D2ECE /* AchievementCell.swift in Sources */,
				2880644B2BD14A7000FC2EFA /* User.swift in Sources */,
				287A62ED2BE6255300E09788 /* InformationCellViewModel.swift in Sources */,
				2818B7462BDA3C8400434EBF /* FirstColorViewController.swift in Sources */,
				2880644D2BD153B500FC2EFA /* ChatRoomViewController.swift in Sources */,
				28564D802BE913C6003B3FBA /* AuthenticationViewModel.swift in Sources */,
			);
			runOnlyForDeploymentPostprocessing = 0;
		};
/* End PBXSourcesBuildPhase section */

/* Begin PBXTargetDependency section */
		2854A7BF2BC7775A008F6A58 /* PBXTargetDependency */ = {
			isa = PBXTargetDependency;
			productRef = 2854A7BE2BC7775A008F6A58 /* SwiftLintPlugin */;
		};
/* End PBXTargetDependency section */

/* Begin PBXVariantGroup section */
		28D24DD02BC6C24200B7E114 /* Main.storyboard */ = {
			isa = PBXVariantGroup;
			children = (
				28D24DD12BC6C24200B7E114 /* Base */,
			);
			name = Main.storyboard;
			sourceTree = "<group>";
		};
		28D24DD52BC6C24400B7E114 /* LaunchScreen.storyboard */ = {
			isa = PBXVariantGroup;
			children = (
				28D24DD62BC6C24400B7E114 /* Base */,
			);
			name = LaunchScreen.storyboard;
			sourceTree = "<group>";
		};
/* End PBXVariantGroup section */

/* Begin XCBuildConfiguration section */
		28D24DD92BC6C24400B7E114 /* Debug */ = {
			isa = XCBuildConfiguration;
			buildSettings = {
				ALWAYS_SEARCH_USER_PATHS = NO;
				ASSETCATALOG_COMPILER_GENERATE_SWIFT_ASSET_SYMBOL_EXTENSIONS = YES;
				CLANG_ANALYZER_NONNULL = YES;
				CLANG_ANALYZER_NUMBER_OBJECT_CONVERSION = YES_AGGRESSIVE;
				CLANG_CXX_LANGUAGE_STANDARD = "gnu++20";
				CLANG_ENABLE_MODULES = YES;
				CLANG_ENABLE_OBJC_ARC = YES;
				CLANG_ENABLE_OBJC_WEAK = YES;
				CLANG_WARN_BLOCK_CAPTURE_AUTORELEASING = YES;
				CLANG_WARN_BOOL_CONVERSION = YES;
				CLANG_WARN_COMMA = YES;
				CLANG_WARN_CONSTANT_CONVERSION = YES;
				CLANG_WARN_DEPRECATED_OBJC_IMPLEMENTATIONS = YES;
				CLANG_WARN_DIRECT_OBJC_ISA_USAGE = YES_ERROR;
				CLANG_WARN_DOCUMENTATION_COMMENTS = YES;
				CLANG_WARN_EMPTY_BODY = YES;
				CLANG_WARN_ENUM_CONVERSION = YES;
				CLANG_WARN_INFINITE_RECURSION = YES;
				CLANG_WARN_INT_CONVERSION = YES;
				CLANG_WARN_NON_LITERAL_NULL_CONVERSION = YES;
				CLANG_WARN_OBJC_IMPLICIT_RETAIN_SELF = YES;
				CLANG_WARN_OBJC_LITERAL_CONVERSION = YES;
				CLANG_WARN_OBJC_ROOT_CLASS = YES_ERROR;
				CLANG_WARN_QUOTED_INCLUDE_IN_FRAMEWORK_HEADER = YES;
				CLANG_WARN_RANGE_LOOP_ANALYSIS = YES;
				CLANG_WARN_STRICT_PROTOTYPES = YES;
				CLANG_WARN_SUSPICIOUS_MOVE = YES;
				CLANG_WARN_UNGUARDED_AVAILABILITY = YES_AGGRESSIVE;
				CLANG_WARN_UNREACHABLE_CODE = YES;
				CLANG_WARN__DUPLICATE_METHOD_MATCH = YES;
				COPY_PHASE_STRIP = NO;
				DEBUG_INFORMATION_FORMAT = dwarf;
				ENABLE_STRICT_OBJC_MSGSEND = YES;
				ENABLE_TESTABILITY = YES;
				ENABLE_USER_SCRIPT_SANDBOXING = YES;
				GCC_C_LANGUAGE_STANDARD = gnu17;
				GCC_DYNAMIC_NO_PIC = NO;
				GCC_NO_COMMON_BLOCKS = YES;
				GCC_OPTIMIZATION_LEVEL = 0;
				GCC_PREPROCESSOR_DEFINITIONS = (
					"DEBUG=1",
					"$(inherited)",
				);
				GCC_WARN_64_TO_32_BIT_CONVERSION = YES;
				GCC_WARN_ABOUT_RETURN_TYPE = YES_ERROR;
				GCC_WARN_UNDECLARED_SELECTOR = YES;
				GCC_WARN_UNINITIALIZED_AUTOS = YES_AGGRESSIVE;
				GCC_WARN_UNUSED_FUNCTION = YES;
				GCC_WARN_UNUSED_VARIABLE = YES;
				IPHONEOS_DEPLOYMENT_TARGET = 17.0;
				LOCALIZATION_PREFERS_STRING_CATALOGS = YES;
				MTL_ENABLE_DEBUG_INFO = INCLUDE_SOURCE;
				MTL_FAST_MATH = YES;
				ONLY_ACTIVE_ARCH = YES;
				SDKROOT = iphoneos;
				SWIFT_ACTIVE_COMPILATION_CONDITIONS = "DEBUG $(inherited)";
				SWIFT_OPTIMIZATION_LEVEL = "-Onone";
			};
			name = Debug;
		};
		28D24DDA2BC6C24400B7E114 /* Release */ = {
			isa = XCBuildConfiguration;
			buildSettings = {
				ALWAYS_SEARCH_USER_PATHS = NO;
				ASSETCATALOG_COMPILER_GENERATE_SWIFT_ASSET_SYMBOL_EXTENSIONS = YES;
				CLANG_ANALYZER_NONNULL = YES;
				CLANG_ANALYZER_NUMBER_OBJECT_CONVERSION = YES_AGGRESSIVE;
				CLANG_CXX_LANGUAGE_STANDARD = "gnu++20";
				CLANG_ENABLE_MODULES = YES;
				CLANG_ENABLE_OBJC_ARC = YES;
				CLANG_ENABLE_OBJC_WEAK = YES;
				CLANG_WARN_BLOCK_CAPTURE_AUTORELEASING = YES;
				CLANG_WARN_BOOL_CONVERSION = YES;
				CLANG_WARN_COMMA = YES;
				CLANG_WARN_CONSTANT_CONVERSION = YES;
				CLANG_WARN_DEPRECATED_OBJC_IMPLEMENTATIONS = YES;
				CLANG_WARN_DIRECT_OBJC_ISA_USAGE = YES_ERROR;
				CLANG_WARN_DOCUMENTATION_COMMENTS = YES;
				CLANG_WARN_EMPTY_BODY = YES;
				CLANG_WARN_ENUM_CONVERSION = YES;
				CLANG_WARN_INFINITE_RECURSION = YES;
				CLANG_WARN_INT_CONVERSION = YES;
				CLANG_WARN_NON_LITERAL_NULL_CONVERSION = YES;
				CLANG_WARN_OBJC_IMPLICIT_RETAIN_SELF = YES;
				CLANG_WARN_OBJC_LITERAL_CONVERSION = YES;
				CLANG_WARN_OBJC_ROOT_CLASS = YES_ERROR;
				CLANG_WARN_QUOTED_INCLUDE_IN_FRAMEWORK_HEADER = YES;
				CLANG_WARN_RANGE_LOOP_ANALYSIS = YES;
				CLANG_WARN_STRICT_PROTOTYPES = YES;
				CLANG_WARN_SUSPICIOUS_MOVE = YES;
				CLANG_WARN_UNGUARDED_AVAILABILITY = YES_AGGRESSIVE;
				CLANG_WARN_UNREACHABLE_CODE = YES;
				CLANG_WARN__DUPLICATE_METHOD_MATCH = YES;
				COPY_PHASE_STRIP = NO;
				DEBUG_INFORMATION_FORMAT = "dwarf-with-dsym";
				ENABLE_NS_ASSERTIONS = NO;
				ENABLE_STRICT_OBJC_MSGSEND = YES;
				ENABLE_USER_SCRIPT_SANDBOXING = YES;
				GCC_C_LANGUAGE_STANDARD = gnu17;
				GCC_NO_COMMON_BLOCKS = YES;
				GCC_WARN_64_TO_32_BIT_CONVERSION = YES;
				GCC_WARN_ABOUT_RETURN_TYPE = YES_ERROR;
				GCC_WARN_UNDECLARED_SELECTOR = YES;
				GCC_WARN_UNINITIALIZED_AUTOS = YES_AGGRESSIVE;
				GCC_WARN_UNUSED_FUNCTION = YES;
				GCC_WARN_UNUSED_VARIABLE = YES;
				IPHONEOS_DEPLOYMENT_TARGET = 17.0;
				LOCALIZATION_PREFERS_STRING_CATALOGS = YES;
				MTL_ENABLE_DEBUG_INFO = NO;
				MTL_FAST_MATH = YES;
				SDKROOT = iphoneos;
				SWIFT_COMPILATION_MODE = wholemodule;
				VALIDATE_PRODUCT = YES;
			};
			name = Release;
		};
		28D24DDC2BC6C24400B7E114 /* Debug */ = {
			isa = XCBuildConfiguration;
			buildSettings = {
				ASSETCATALOG_COMPILER_APPICON_NAME = AppIcon;
				ASSETCATALOG_COMPILER_GLOBAL_ACCENT_COLOR_NAME = AccentColor;
				CODE_SIGN_ENTITLEMENTS = Colemi/Colemi.entitlements;
				CODE_SIGN_STYLE = Automatic;
				CURRENT_PROJECT_VERSION = 1;
				DEBUG_INFORMATION_FORMAT = "dwarf-with-dsym";
				DEVELOPMENT_TEAM = 28BKW6LP2H;
				ENABLE_USER_SCRIPT_SANDBOXING = NO;
				GENERATE_INFOPLIST_FILE = YES;
				INFOPLIST_FILE = Colemi/Info.plist;
				INFOPLIST_KEY_NSCameraUsageDescription = "需要您的相機權限來拍攝、上傳照片並發佈文章";
				INFOPLIST_KEY_NSLocalNetworkUsageDescription = "需要使用您的裝置資料來偵測附近的裝置，才能把顏色傳給對方唷";
				INFOPLIST_KEY_NSLocationAlwaysAndWhenInUseUsageDescription = "需要知道您的位置來偵測天氣情況，再依照天氣給予相應顏色";
				INFOPLIST_KEY_NSLocationWhenInUseUsageDescription = "需要知道您的位置來偵測天氣情況，再依照天氣給予相應顏色";
				INFOPLIST_KEY_NSPhotoLibraryAddUsageDescription = "需要您的圖片資訊來上傳照片、讀取圖片尺寸並發佈文章";
				INFOPLIST_KEY_NSPhotoLibraryUsageDescription = "需要您的圖片權限來上傳照片並發佈文章";
				INFOPLIST_KEY_UIApplicationSupportsIndirectInputEvents = YES;
				INFOPLIST_KEY_UILaunchStoryboardName = LaunchScreen;
				INFOPLIST_KEY_UIMainStoryboardFile = Main;
				INFOPLIST_KEY_UISupportedInterfaceOrientations = UIInterfaceOrientationPortrait;
				INFOPLIST_KEY_UISupportedInterfaceOrientations_iPad = "UIInterfaceOrientationPortrait UIInterfaceOrientationPortraitUpsideDown";
				IPHONEOS_DEPLOYMENT_TARGET = 17.0;
				LD_RUNPATH_SEARCH_PATHS = (
					"$(inherited)",
					"@executable_path/Frameworks",
				);
				MARKETING_VERSION = 1.0.1;
				PRODUCT_BUNDLE_IDENTIFIER = com.BoHsunHsu.Colemi;
				PRODUCT_NAME = "$(TARGET_NAME)";
				SUPPORTED_PLATFORMS = "iphoneos iphonesimulator";
				SUPPORTS_MACCATALYST = NO;
				SUPPORTS_MAC_DESIGNED_FOR_IPHONE_IPAD = NO;
				SUPPORTS_XR_DESIGNED_FOR_IPHONE_IPAD = NO;
				SWIFT_EMIT_LOC_STRINGS = YES;
				SWIFT_VERSION = 5.0;
				TARGETED_DEVICE_FAMILY = 1;
			};
			name = Debug;
		};
		28D24DDD2BC6C24400B7E114 /* Release */ = {
			isa = XCBuildConfiguration;
			buildSettings = {
				ASSETCATALOG_COMPILER_APPICON_NAME = AppIcon;
				ASSETCATALOG_COMPILER_GLOBAL_ACCENT_COLOR_NAME = AccentColor;
				CODE_SIGN_ENTITLEMENTS = Colemi/Colemi.entitlements;
				CODE_SIGN_STYLE = Automatic;
				CURRENT_PROJECT_VERSION = 1;
				DEVELOPMENT_TEAM = 28BKW6LP2H;
				ENABLE_USER_SCRIPT_SANDBOXING = NO;
				GENERATE_INFOPLIST_FILE = YES;
				INFOPLIST_FILE = Colemi/Info.plist;
				INFOPLIST_KEY_NSCameraUsageDescription = "需要您的相機權限來拍攝、上傳照片並發佈文章";
				INFOPLIST_KEY_NSLocalNetworkUsageDescription = "需要使用您的裝置資料來偵測附近的裝置，才能把顏色傳給對方唷";
				INFOPLIST_KEY_NSLocationAlwaysAndWhenInUseUsageDescription = "需要知道您的位置來偵測天氣情況，再依照天氣給予相應顏色";
				INFOPLIST_KEY_NSLocationWhenInUseUsageDescription = "需要知道您的位置來偵測天氣情況，再依照天氣給予相應顏色";
				INFOPLIST_KEY_NSPhotoLibraryAddUsageDescription = "需要您的圖片資訊來上傳照片、讀取圖片尺寸並發佈文章";
				INFOPLIST_KEY_NSPhotoLibraryUsageDescription = "需要您的圖片權限來上傳照片並發佈文章";
				INFOPLIST_KEY_UIApplicationSupportsIndirectInputEvents = YES;
				INFOPLIST_KEY_UILaunchStoryboardName = LaunchScreen;
				INFOPLIST_KEY_UIMainStoryboardFile = Main;
				INFOPLIST_KEY_UISupportedInterfaceOrientations = UIInterfaceOrientationPortrait;
				INFOPLIST_KEY_UISupportedInterfaceOrientations_iPad = "UIInterfaceOrientationPortrait UIInterfaceOrientationPortraitUpsideDown";
				IPHONEOS_DEPLOYMENT_TARGET = 17.0;
				LD_RUNPATH_SEARCH_PATHS = (
					"$(inherited)",
					"@executable_path/Frameworks",
				);
				MARKETING_VERSION = 1.0.1;
				PRODUCT_BUNDLE_IDENTIFIER = com.BoHsunHsu.Colemi;
				PRODUCT_NAME = "$(TARGET_NAME)";
				SUPPORTED_PLATFORMS = "iphoneos iphonesimulator";
				SUPPORTS_MACCATALYST = NO;
				SUPPORTS_MAC_DESIGNED_FOR_IPHONE_IPAD = NO;
				SUPPORTS_XR_DESIGNED_FOR_IPHONE_IPAD = NO;
				SWIFT_EMIT_LOC_STRINGS = YES;
				SWIFT_VERSION = 5.0;
				TARGETED_DEVICE_FAMILY = 1;
			};
			name = Release;
		};
/* End XCBuildConfiguration section */

/* Begin XCConfigurationList section */
		28D24DC22BC6C24200B7E114 /* Build configuration list for PBXProject "Colemi" */ = {
			isa = XCConfigurationList;
			buildConfigurations = (
				28D24DD92BC6C24400B7E114 /* Debug */,
				28D24DDA2BC6C24400B7E114 /* Release */,
			);
			defaultConfigurationIsVisible = 0;
			defaultConfigurationName = Release;
		};
		28D24DDB2BC6C24400B7E114 /* Build configuration list for PBXNativeTarget "Colemi" */ = {
			isa = XCConfigurationList;
			buildConfigurations = (
				28D24DDC2BC6C24400B7E114 /* Debug */,
				28D24DDD2BC6C24400B7E114 /* Release */,
			);
			defaultConfigurationIsVisible = 0;
			defaultConfigurationName = Release;
		};
/* End XCConfigurationList section */

/* Begin XCRemoteSwiftPackageReference section */
		281240AA2BC8062600777F91 /* XCRemoteSwiftPackageReference "firebase-ios-sdk" */ = {
			isa = XCRemoteSwiftPackageReference;
			repositoryURL = "https://github.com/firebase/firebase-ios-sdk";
			requirement = {
				kind = upToNextMajorVersion;
				minimumVersion = 10.24.0;
			};
		};
		281C65752BCF7848003D2ECE /* XCRemoteSwiftPackageReference "Kingfisher" */ = {
			isa = XCRemoteSwiftPackageReference;
			repositoryURL = "https://github.com/onevcat/Kingfisher.git";
			requirement = {
				kind = upToNextMajorVersion;
				minimumVersion = 7.0.0;
			};
		};
		2854A7BD2BC76DC1008F6A58 /* XCRemoteSwiftPackageReference "SwiftLint" */ = {
			isa = XCRemoteSwiftPackageReference;
			repositoryURL = "https://github.com/realm/SwiftLint.git";
			requirement = {
				kind = upToNextMajorVersion;
				minimumVersion = 0.54.0;
			};
		};
		2882607A2BE0D77500BE9B52 /* XCRemoteSwiftPackageReference "GoogleSignIn-iOS" */ = {
			isa = XCRemoteSwiftPackageReference;
			repositoryURL = "https://github.com/google/GoogleSignIn-iOS";
			requirement = {
				kind = upToNextMajorVersion;
				minimumVersion = 7.1.0;
			};
		};
		28C69B832BD2642600725BE7 /* XCRemoteSwiftPackageReference "IQKeyboardManager" */ = {
			isa = XCRemoteSwiftPackageReference;
			repositoryURL = "https://github.com/hackiftekhar/IQKeyboardManager.git";
			requirement = {
				kind = upToNextMajorVersion;
				minimumVersion = 7.0.0;
			};
		};
/* End XCRemoteSwiftPackageReference section */

/* Begin XCSwiftPackageProductDependency section */
		281240AB2BC8062600777F91 /* FirebaseAnalytics */ = {
			isa = XCSwiftPackageProductDependency;
			package = 281240AA2BC8062600777F91 /* XCRemoteSwiftPackageReference "firebase-ios-sdk" */;
			productName = FirebaseAnalytics;
		};
		281240AD2BC8062600777F91 /* FirebaseAnalyticsOnDeviceConversion */ = {
			isa = XCSwiftPackageProductDependency;
			package = 281240AA2BC8062600777F91 /* XCRemoteSwiftPackageReference "firebase-ios-sdk" */;
			productName = FirebaseAnalyticsOnDeviceConversion;
		};
		281240AF2BC8062600777F91 /* FirebaseAnalyticsSwift */ = {
			isa = XCSwiftPackageProductDependency;
			package = 281240AA2BC8062600777F91 /* XCRemoteSwiftPackageReference "firebase-ios-sdk" */;
			productName = FirebaseAnalyticsSwift;
		};
		281240B12BC8062600777F91 /* FirebaseAnalyticsWithoutAdIdSupport */ = {
			isa = XCSwiftPackageProductDependency;
			package = 281240AA2BC8062600777F91 /* XCRemoteSwiftPackageReference "firebase-ios-sdk" */;
			productName = FirebaseAnalyticsWithoutAdIdSupport;
		};
		281240B32BC8062600777F91 /* FirebaseAppCheck */ = {
			isa = XCSwiftPackageProductDependency;
			package = 281240AA2BC8062600777F91 /* XCRemoteSwiftPackageReference "firebase-ios-sdk" */;
			productName = FirebaseAppCheck;
		};
		281240B52BC8062600777F91 /* FirebaseAppDistribution-Beta */ = {
			isa = XCSwiftPackageProductDependency;
			package = 281240AA2BC8062600777F91 /* XCRemoteSwiftPackageReference "firebase-ios-sdk" */;
			productName = "FirebaseAppDistribution-Beta";
		};
		281240B72BC8062600777F91 /* FirebaseAuth */ = {
			isa = XCSwiftPackageProductDependency;
			package = 281240AA2BC8062600777F91 /* XCRemoteSwiftPackageReference "firebase-ios-sdk" */;
			productName = FirebaseAuth;
		};
		281240B92BC8062600777F91 /* FirebaseAuthCombine-Community */ = {
			isa = XCSwiftPackageProductDependency;
			package = 281240AA2BC8062600777F91 /* XCRemoteSwiftPackageReference "firebase-ios-sdk" */;
			productName = "FirebaseAuthCombine-Community";
		};
		281240BB2BC8062600777F91 /* FirebaseCrashlytics */ = {
			isa = XCSwiftPackageProductDependency;
			package = 281240AA2BC8062600777F91 /* XCRemoteSwiftPackageReference "firebase-ios-sdk" */;
			productName = FirebaseCrashlytics;
		};
		281240BD2BC8062600777F91 /* FirebaseDatabase */ = {
			isa = XCSwiftPackageProductDependency;
			package = 281240AA2BC8062600777F91 /* XCRemoteSwiftPackageReference "firebase-ios-sdk" */;
			productName = FirebaseDatabase;
		};
		281240BF2BC8062600777F91 /* FirebaseDatabaseSwift */ = {
			isa = XCSwiftPackageProductDependency;
			package = 281240AA2BC8062600777F91 /* XCRemoteSwiftPackageReference "firebase-ios-sdk" */;
			productName = FirebaseDatabaseSwift;
		};
		281240C12BC8062600777F91 /* FirebaseDynamicLinks */ = {
			isa = XCSwiftPackageProductDependency;
			package = 281240AA2BC8062600777F91 /* XCRemoteSwiftPackageReference "firebase-ios-sdk" */;
			productName = FirebaseDynamicLinks;
		};
		281240C32BC8062600777F91 /* FirebaseFirestore */ = {
			isa = XCSwiftPackageProductDependency;
			package = 281240AA2BC8062600777F91 /* XCRemoteSwiftPackageReference "firebase-ios-sdk" */;
			productName = FirebaseFirestore;
		};
		281240C52BC8062600777F91 /* FirebaseFirestoreCombine-Community */ = {
			isa = XCSwiftPackageProductDependency;
			package = 281240AA2BC8062600777F91 /* XCRemoteSwiftPackageReference "firebase-ios-sdk" */;
			productName = "FirebaseFirestoreCombine-Community";
		};
		281240C72BC8062600777F91 /* FirebaseFirestoreSwift */ = {
			isa = XCSwiftPackageProductDependency;
			package = 281240AA2BC8062600777F91 /* XCRemoteSwiftPackageReference "firebase-ios-sdk" */;
			productName = FirebaseFirestoreSwift;
		};
		281240C92BC8062600777F91 /* FirebaseFunctions */ = {
			isa = XCSwiftPackageProductDependency;
			package = 281240AA2BC8062600777F91 /* XCRemoteSwiftPackageReference "firebase-ios-sdk" */;
			productName = FirebaseFunctions;
		};
		281240CB2BC8062600777F91 /* FirebaseFunctionsCombine-Community */ = {
			isa = XCSwiftPackageProductDependency;
			package = 281240AA2BC8062600777F91 /* XCRemoteSwiftPackageReference "firebase-ios-sdk" */;
			productName = "FirebaseFunctionsCombine-Community";
		};
		281240CD2BC8062600777F91 /* FirebaseInAppMessaging-Beta */ = {
			isa = XCSwiftPackageProductDependency;
			package = 281240AA2BC8062600777F91 /* XCRemoteSwiftPackageReference "firebase-ios-sdk" */;
			productName = "FirebaseInAppMessaging-Beta";
		};
		281240CF2BC8062600777F91 /* FirebaseInAppMessagingSwift-Beta */ = {
			isa = XCSwiftPackageProductDependency;
			package = 281240AA2BC8062600777F91 /* XCRemoteSwiftPackageReference "firebase-ios-sdk" */;
			productName = "FirebaseInAppMessagingSwift-Beta";
		};
		281240D12BC8062600777F91 /* FirebaseInstallations */ = {
			isa = XCSwiftPackageProductDependency;
			package = 281240AA2BC8062600777F91 /* XCRemoteSwiftPackageReference "firebase-ios-sdk" */;
			productName = FirebaseInstallations;
		};
		281240D32BC8062600777F91 /* FirebaseMLModelDownloader */ = {
			isa = XCSwiftPackageProductDependency;
			package = 281240AA2BC8062600777F91 /* XCRemoteSwiftPackageReference "firebase-ios-sdk" */;
			productName = FirebaseMLModelDownloader;
		};
		281240D52BC8062600777F91 /* FirebaseMessaging */ = {
			isa = XCSwiftPackageProductDependency;
			package = 281240AA2BC8062600777F91 /* XCRemoteSwiftPackageReference "firebase-ios-sdk" */;
			productName = FirebaseMessaging;
		};
		281240D72BC8062600777F91 /* FirebasePerformance */ = {
			isa = XCSwiftPackageProductDependency;
			package = 281240AA2BC8062600777F91 /* XCRemoteSwiftPackageReference "firebase-ios-sdk" */;
			productName = FirebasePerformance;
		};
		281240D92BC8062600777F91 /* FirebaseRemoteConfig */ = {
			isa = XCSwiftPackageProductDependency;
			package = 281240AA2BC8062600777F91 /* XCRemoteSwiftPackageReference "firebase-ios-sdk" */;
			productName = FirebaseRemoteConfig;
		};
		281240DB2BC8062600777F91 /* FirebaseRemoteConfigSwift */ = {
			isa = XCSwiftPackageProductDependency;
			package = 281240AA2BC8062600777F91 /* XCRemoteSwiftPackageReference "firebase-ios-sdk" */;
			productName = FirebaseRemoteConfigSwift;
		};
		281240DD2BC8062600777F91 /* FirebaseStorage */ = {
			isa = XCSwiftPackageProductDependency;
			package = 281240AA2BC8062600777F91 /* XCRemoteSwiftPackageReference "firebase-ios-sdk" */;
			productName = FirebaseStorage;
		};
		281240DF2BC8062600777F91 /* FirebaseStorageCombine-Community */ = {
			isa = XCSwiftPackageProductDependency;
			package = 281240AA2BC8062600777F91 /* XCRemoteSwiftPackageReference "firebase-ios-sdk" */;
			productName = "FirebaseStorageCombine-Community";
		};
		281C65762BCF7848003D2ECE /* Kingfisher */ = {
			isa = XCSwiftPackageProductDependency;
			package = 281C65752BCF7848003D2ECE /* XCRemoteSwiftPackageReference "Kingfisher" */;
			productName = Kingfisher;
		};
		2854A7BE2BC7775A008F6A58 /* SwiftLintPlugin */ = {
			isa = XCSwiftPackageProductDependency;
			package = 2854A7BD2BC76DC1008F6A58 /* XCRemoteSwiftPackageReference "SwiftLint" */;
			productName = "plugin:SwiftLintPlugin";
		};
		2882607B2BE0D77600BE9B52 /* GoogleSignIn */ = {
			isa = XCSwiftPackageProductDependency;
			package = 2882607A2BE0D77500BE9B52 /* XCRemoteSwiftPackageReference "GoogleSignIn-iOS" */;
			productName = GoogleSignIn;
		};
		2882607D2BE0D77600BE9B52 /* GoogleSignInSwift */ = {
			isa = XCSwiftPackageProductDependency;
			package = 2882607A2BE0D77500BE9B52 /* XCRemoteSwiftPackageReference "GoogleSignIn-iOS" */;
			productName = GoogleSignInSwift;
		};
		28C69B842BD2642600725BE7 /* IQKeyboardManagerSwift */ = {
			isa = XCSwiftPackageProductDependency;
			package = 28C69B832BD2642600725BE7 /* XCRemoteSwiftPackageReference "IQKeyboardManager" */;
			productName = IQKeyboardManagerSwift;
		};
/* End XCSwiftPackageProductDependency section */
	};
	rootObject = 28D24DBF2BC6C24200B7E114 /* Project object */;
}
